
Microsoft Visual Studio Solution File, Format Version 12.00
# Visual Studio Version 16
VisualStudioVersion = 16.0.31019.35
MinimumVisualStudioVersion = 10.0.40219.1
Project("{2150E333-8FDC-42A3-9474-1A3956D46DE8}") = "test", "test", "{AC51C97E-E790-4319-B13B-001BE3557408}"
EndProject
Project("{FAE04EC0-301F-11D3-BF4B-00C04F79EFBC}") = "DiscoveryService.Test", "test\DiscoveryService.Test\DiscoveryService.Test.csproj", "{454C1F48-1D17-4080-BE99-C18D08D1EAA4}"
EndProject
Project("{2150E333-8FDC-42A3-9474-1A3956D46DE8}") = "Solution Items", "Solution Items", "{62085F0F-50C7-4010-9A7B-D936C449D6F1}"
	ProjectSection(SolutionItems) = preProject
		.editorconfig = .editorconfig
	EndProjectSection
EndProject
Project("{FAE04EC0-301F-11D3-BF4B-00C04F79EFBC}") = "DiscoveryService", "DiscoveryService\DiscoveryService.csproj", "{9DAF9AC8-C899-4D34-A5F8-8850FA45F26E}"
EndProject
Project("{FAE04EC0-301F-11D3-BF4B-00C04F79EFBC}") = "LUC.ApiClient", "D:\MyCarrierAsProgrammer\Xentime\LucWithNewUpload\dubstack-win\WpfClient\LUC.ApiClient\LUC.ApiClient.csproj", "{F071E944-A1EE-4AEE-B74A-36FD5B246BA5}"
EndProject
Project("{FAE04EC0-301F-11D3-BF4B-00C04F79EFBC}") = "LUC.Globalization", "D:\MyCarrierAsProgrammer\Xentime\LucWithNewUpload\dubstack-win\WpfClient\LUC.Globalization\LUC.Globalization.csproj", "{0C8B6B6F-C6AD-4BBF-BCF9-D60B6286C763}"
EndProject
Project("{FAE04EC0-301F-11D3-BF4B-00C04F79EFBC}") = "LUC.Interfaces", "D:\MyCarrierAsProgrammer\Xentime\LucWithNewUpload\dubstack-win\WpfClient\LUC.Interfaces\LUC.Interfaces.csproj", "{0F5F0967-F62A-4099-A6D7-2687CBA9E4DF}"
EndProject
Project("{FAE04EC0-301F-11D3-BF4B-00C04F79EFBC}") = "LUC.Services.Implementation", "D:\MyCarrierAsProgrammer\Xentime\LucWithNewUpload\dubstack-win\WpfClient\LUC.Services.Implementation\LUC.Services.Implementation.csproj", "{2706EDD4-0304-4824-A331-7403D2B54EBA}"
EndProject
Global
	GlobalSection(SolutionConfigurationPlatforms) = preSolution
		Debug|Any CPU = Debug|Any CPU
		Debug|x64 = Debug|x64
		Debug|x86 = Debug|x86
		Release|Any CPU = Release|Any CPU
		Release|x64 = Release|x64
		Release|x86 = Release|x86
	EndGlobalSection
	GlobalSection(ProjectConfigurationPlatforms) = postSolution
		{454C1F48-1D17-4080-BE99-C18D08D1EAA4}.Debug|Any CPU.ActiveCfg = Debug|Any CPU
		{454C1F48-1D17-4080-BE99-C18D08D1EAA4}.Debug|Any CPU.Build.0 = Debug|Any CPU
		{454C1F48-1D17-4080-BE99-C18D08D1EAA4}.Debug|x64.ActiveCfg = Debug|Any CPU
		{454C1F48-1D17-4080-BE99-C18D08D1EAA4}.Debug|x64.Build.0 = Debug|Any CPU
		{454C1F48-1D17-4080-BE99-C18D08D1EAA4}.Debug|x86.ActiveCfg = Debug|Any CPU
		{454C1F48-1D17-4080-BE99-C18D08D1EAA4}.Debug|x86.Build.0 = Debug|Any CPU
		{454C1F48-1D17-4080-BE99-C18D08D1EAA4}.Release|Any CPU.ActiveCfg = Release|Any CPU
		{454C1F48-1D17-4080-BE99-C18D08D1EAA4}.Release|Any CPU.Build.0 = Release|Any CPU
		{454C1F48-1D17-4080-BE99-C18D08D1EAA4}.Release|x64.ActiveCfg = Release|Any CPU
		{454C1F48-1D17-4080-BE99-C18D08D1EAA4}.Release|x64.Build.0 = Release|Any CPU
		{454C1F48-1D17-4080-BE99-C18D08D1EAA4}.Release|x86.ActiveCfg = Release|Any CPU
		{454C1F48-1D17-4080-BE99-C18D08D1EAA4}.Release|x86.Build.0 = Release|Any CPU
		{9DAF9AC8-C899-4D34-A5F8-8850FA45F26E}.Debug|Any CPU.ActiveCfg = Debug|Any CPU
		{9DAF9AC8-C899-4D34-A5F8-8850FA45F26E}.Debug|Any CPU.Build.0 = Debug|Any CPU
		{9DAF9AC8-C899-4D34-A5F8-8850FA45F26E}.Debug|x64.ActiveCfg = Debug|Any CPU
		{9DAF9AC8-C899-4D34-A5F8-8850FA45F26E}.Debug|x64.Build.0 = Debug|Any CPU
		{9DAF9AC8-C899-4D34-A5F8-8850FA45F26E}.Debug|x86.ActiveCfg = Debug|Any CPU
		{9DAF9AC8-C899-4D34-A5F8-8850FA45F26E}.Debug|x86.Build.0 = Debug|Any CPU
		{9DAF9AC8-C899-4D34-A5F8-8850FA45F26E}.Release|Any CPU.ActiveCfg = Release|Any CPU
		{9DAF9AC8-C899-4D34-A5F8-8850FA45F26E}.Release|Any CPU.Build.0 = Release|Any CPU
		{9DAF9AC8-C899-4D34-A5F8-8850FA45F26E}.Release|x64.ActiveCfg = Release|Any CPU
		{9DAF9AC8-C899-4D34-A5F8-8850FA45F26E}.Release|x64.Build.0 = Release|Any CPU
		{9DAF9AC8-C899-4D34-A5F8-8850FA45F26E}.Release|x86.ActiveCfg = Release|Any CPU
		{9DAF9AC8-C899-4D34-A5F8-8850FA45F26E}.Release|x86.Build.0 = Release|Any CPU
		{F071E944-A1EE-4AEE-B74A-36FD5B246BA5}.Debug|Any CPU.ActiveCfg = Debug|Any CPU
		{F071E944-A1EE-4AEE-B74A-36FD5B246BA5}.Debug|Any CPU.Build.0 = Debug|Any CPU
		{F071E944-A1EE-4AEE-B74A-36FD5B246BA5}.Debug|x64.ActiveCfg = Debug|x64
		{F071E944-A1EE-4AEE-B74A-36FD5B246BA5}.Debug|x64.Build.0 = Debug|x64
		{F071E944-A1EE-4AEE-B74A-36FD5B246BA5}.Debug|x86.ActiveCfg = Debug|x86
		{F071E944-A1EE-4AEE-B74A-36FD5B246BA5}.Debug|x86.Build.0 = Debug|x86
		{F071E944-A1EE-4AEE-B74A-36FD5B246BA5}.Release|Any CPU.ActiveCfg = Release|Any CPU
		{F071E944-A1EE-4AEE-B74A-36FD5B246BA5}.Release|Any CPU.Build.0 = Release|Any CPU
		{F071E944-A1EE-4AEE-B74A-36FD5B246BA5}.Release|x64.ActiveCfg = Release|x64
		{F071E944-A1EE-4AEE-B74A-36FD5B246BA5}.Release|x64.Build.0 = Release|x64
		{F071E944-A1EE-4AEE-B74A-36FD5B246BA5}.Release|x86.ActiveCfg = Release|x86
		{F071E944-A1EE-4AEE-B74A-36FD5B246BA5}.Release|x86.Build.0 = Release|x86
		{0C8B6B6F-C6AD-4BBF-BCF9-D60B6286C763}.Debug|Any CPU.ActiveCfg = Debug|Any CPU
		{0C8B6B6F-C6AD-4BBF-BCF9-D60B6286C763}.Debug|Any CPU.Build.0 = Debug|Any CPU
		{0C8B6B6F-C6AD-4BBF-BCF9-D60B6286C763}.Debug|x64.ActiveCfg = Debug|x64
		{0C8B6B6F-C6AD-4BBF-BCF9-D60B6286C763}.Debug|x64.Build.0 = Debug|x64
		{0C8B6B6F-C6AD-4BBF-BCF9-D60B6286C763}.Debug|x86.ActiveCfg = Debug|x86
		{0C8B6B6F-C6AD-4BBF-BCF9-D60B6286C763}.Debug|x86.Build.0 = Debug|x86
		{0C8B6B6F-C6AD-4BBF-BCF9-D60B6286C763}.Release|Any CPU.ActiveCfg = Release|Any CPU
		{0C8B6B6F-C6AD-4BBF-BCF9-D60B6286C763}.Release|Any CPU.Build.0 = Release|Any CPU
		{0C8B6B6F-C6AD-4BBF-BCF9-D60B6286C763}.Release|x64.ActiveCfg = Release|x64
		{0C8B6B6F-C6AD-4BBF-BCF9-D60B6286C763}.Release|x64.Build.0 = Release|x64
		{0C8B6B6F-C6AD-4BBF-BCF9-D60B6286C763}.Release|x86.ActiveCfg = Release|x86
		{0C8B6B6F-C6AD-4BBF-BCF9-D60B6286C763}.Release|x86.Build.0 = Release|x86
		{0F5F0967-F62A-4099-A6D7-2687CBA9E4DF}.Debug|Any CPU.ActiveCfg = Debug|Any CPU
		{0F5F0967-F62A-4099-A6D7-2687CBA9E4DF}.Debug|Any CPU.Build.0 = Debug|Any CPU
		{0F5F0967-F62A-4099-A6D7-2687CBA9E4DF}.Debug|x64.ActiveCfg = Debug|x64
		{0F5F0967-F62A-4099-A6D7-2687CBA9E4DF}.Debug|x64.Build.0 = Debug|x64
		{0F5F0967-F62A-4099-A6D7-2687CBA9E4DF}.Debug|x86.ActiveCfg = Debug|x86
		{0F5F0967-F62A-4099-A6D7-2687CBA9E4DF}.Debug|x86.Build.0 = Debug|x86
		{0F5F0967-F62A-4099-A6D7-2687CBA9E4DF}.Release|Any CPU.ActiveCfg = Release|Any CPU
		{0F5F0967-F62A-4099-A6D7-2687CBA9E4DF}.Release|Any CPU.Build.0 = Release|Any CPU
		{0F5F0967-F62A-4099-A6D7-2687CBA9E4DF}.Release|x64.ActiveCfg = Release|x64
		{0F5F0967-F62A-4099-A6D7-2687CBA9E4DF}.Release|x64.Build.0 = Release|x64
		{0F5F0967-F62A-4099-A6D7-2687CBA9E4DF}.Release|x86.ActiveCfg = Release|x86
		{0F5F0967-F62A-4099-A6D7-2687CBA9E4DF}.Release|x86.Build.0 = Release|x86
		{2706EDD4-0304-4824-A331-7403D2B54EBA}.Debug|Any CPU.ActiveCfg = Debug|Any CPU
		{2706EDD4-0304-4824-A331-7403D2B54EBA}.Debug|Any CPU.Build.0 = Debug|Any CPU
		{2706EDD4-0304-4824-A331-7403D2B54EBA}.Debug|x64.ActiveCfg = Debug|x64
		{2706EDD4-0304-4824-A331-7403D2B54EBA}.Debug|x64.Build.0 = Debug|x64
		{2706EDD4-0304-4824-A331-7403D2B54EBA}.Debug|x86.ActiveCfg = Debug|x86
		{2706EDD4-0304-4824-A331-7403D2B54EBA}.Debug|x86.Build.0 = Debug|x86
		{2706EDD4-0304-4824-A331-7403D2B54EBA}.Release|Any CPU.ActiveCfg = Release|Any CPU
		{2706EDD4-0304-4824-A331-7403D2B54EBA}.Release|Any CPU.Build.0 = Release|Any CPU
		{2706EDD4-0304-4824-A331-7403D2B54EBA}.Release|x64.ActiveCfg = Release|x64
		{2706EDD4-0304-4824-A331-7403D2B54EBA}.Release|x64.Build.0 = Release|x64
		{2706EDD4-0304-4824-A331-7403D2B54EBA}.Release|x86.ActiveCfg = Release|x86
		{2706EDD4-0304-4824-A331-7403D2B54EBA}.Release|x86.Build.0 = Release|x86
	EndGlobalSection
	GlobalSection(SolutionProperties) = preSolution
		HideSolutionNode = FALSE
	EndGlobalSection
	GlobalSection(NestedProjects) = preSolution
		{454C1F48-1D17-4080-BE99-C18D08D1EAA4} = {AC51C97E-E790-4319-B13B-001BE3557408}
	EndGlobalSection
	GlobalSection(ExtensibilityGlobals) = postSolution
		SolutionGuid = {A170D409-AA14-46AC-A401-EFEAA12A043F}
	EndGlobalSection
EndGlobal
