
Microsoft Visual Studio Solution File, Format Version 12.00
# Visual Studio Version 16
VisualStudioVersion = 16.0.31019.35
MinimumVisualStudioVersion = 10.0.40219.1
Project("{2150E333-8FDC-42A3-9474-1A3956D46DE8}") = "test", "test", "{AC51C97E-E790-4319-B13B-001BE3557408}"
EndProject
Project("{FAE04EC0-301F-11D3-BF4B-00C04F79EFBC}") = "DiscoveryService.Test", "test\DiscoveryService.Test\DiscoveryService.Test.csproj", "{454C1F48-1D17-4080-BE99-C18D08D1EAA4}"
EndProject
Project("{2150E333-8FDC-42A3-9474-1A3956D46DE8}") = "Solution Items", "Solution Items", "{62085F0F-50C7-4010-9A7B-D936C449D6F1}"
	ProjectSection(SolutionItems) = preProject
		.editorconfig = .editorconfig
	EndProjectSection
EndProject
Project("{FAE04EC0-301F-11D3-BF4B-00C04F79EFBC}") = "DiscoveryService", "DiscoveryService\DiscoveryService.csproj", "{9DAF9AC8-C899-4D34-A5F8-8850FA45F26E}"
EndProject
Project("{E53339B2-1760-4266-BCC7-CA923CBCF16C}") = "docker-compose", "docker-compose.dcproj", "{6E3FE0BB-A9D0-4877-8EE9-6EBF418FFDCB}"
EndProject
Project("{FAE04EC0-301F-11D3-BF4B-00C04F79EFBC}") = "LUC.ApiClient", "..\MyCarrierAsProgrammer\Xentime\dubstack-win\WpfClient\LUC.ApiClient\LUC.ApiClient.csproj", "{F071E944-A1EE-4AEE-B74A-36FD5B246BA5}"
EndProject
Project("{FAE04EC0-301F-11D3-BF4B-00C04F79EFBC}") = "LUC.Common.PrismEvents", "..\MyCarrierAsProgrammer\Xentime\dubstack-win\WpfClient\LUC.Common.PrismEvents\LUC.Common.PrismEvents.csproj", "{CAE2EAD2-8DC6-4BB6-842F-7C8DB7068339}"
EndProject
Project("{FAE04EC0-301F-11D3-BF4B-00C04F79EFBC}") = "LUC.Globalization", "..\MyCarrierAsProgrammer\Xentime\dubstack-win\WpfClient\LUC.Globalization\LUC.Globalization.csproj", "{0C8B6B6F-C6AD-4BBF-BCF9-D60B6286C763}"
EndProject
Project("{FAE04EC0-301F-11D3-BF4B-00C04F79EFBC}") = "LUC.Interfaces", "..\MyCarrierAsProgrammer\Xentime\dubstack-win\WpfClient\LUC.Interfaces\LUC.Interfaces.csproj", "{0F5F0967-F62A-4099-A6D7-2687CBA9E4DF}"
EndProject
Project("{FAE04EC0-301F-11D3-BF4B-00C04F79EFBC}") = "LUC.Services.Implementation", "..\MyCarrierAsProgrammer\Xentime\dubstack-win\WpfClient\LUC.Services.Implementation\LUC.Services.Implementation.csproj", "{2706EDD4-0304-4824-A331-7403D2B54EBA}"
EndProject
Global
	GlobalSection(SolutionConfigurationPlatforms) = preSolution
		Debug|Any CPU = Debug|Any CPU
		Debug|x64 = Debug|x64
		Debug|x86 = Debug|x86
		IntegrationTest|Any CPU = IntegrationTest|Any CPU
		IntegrationTest|x64 = IntegrationTest|x64
		IntegrationTest|x86 = IntegrationTest|x86
		ReceiveTcpFromOurself|Any CPU = ReceiveTcpFromOurself|Any CPU
		ReceiveTcpFromOurself|x64 = ReceiveTcpFromOurself|x64
		ReceiveTcpFromOurself|x86 = ReceiveTcpFromOurself|x86
		Release|Any CPU = Release|Any CPU
		Release|x64 = Release|x64
		Release|x86 = Release|x86
	EndGlobalSection
	GlobalSection(ProjectConfigurationPlatforms) = postSolution
		{454C1F48-1D17-4080-BE99-C18D08D1EAA4}.Debug|Any CPU.ActiveCfg = Debug|Any CPU
		{454C1F48-1D17-4080-BE99-C18D08D1EAA4}.Debug|Any CPU.Build.0 = Debug|Any CPU
		{454C1F48-1D17-4080-BE99-C18D08D1EAA4}.Debug|x64.ActiveCfg = Debug|Any CPU
		{454C1F48-1D17-4080-BE99-C18D08D1EAA4}.Debug|x64.Build.0 = Debug|Any CPU
		{454C1F48-1D17-4080-BE99-C18D08D1EAA4}.Debug|x86.ActiveCfg = Debug|Any CPU
		{454C1F48-1D17-4080-BE99-C18D08D1EAA4}.Debug|x86.Build.0 = Debug|Any CPU
		{454C1F48-1D17-4080-BE99-C18D08D1EAA4}.IntegrationTest|Any CPU.ActiveCfg = IntegrationTest|Any CPU
		{454C1F48-1D17-4080-BE99-C18D08D1EAA4}.IntegrationTest|Any CPU.Build.0 = IntegrationTest|Any CPU
		{454C1F48-1D17-4080-BE99-C18D08D1EAA4}.IntegrationTest|x64.ActiveCfg = IntegrationTest|Any CPU
		{454C1F48-1D17-4080-BE99-C18D08D1EAA4}.IntegrationTest|x64.Build.0 = IntegrationTest|Any CPU
		{454C1F48-1D17-4080-BE99-C18D08D1EAA4}.IntegrationTest|x86.ActiveCfg = IntegrationTest|Any CPU
		{454C1F48-1D17-4080-BE99-C18D08D1EAA4}.IntegrationTest|x86.Build.0 = IntegrationTest|Any CPU
		{454C1F48-1D17-4080-BE99-C18D08D1EAA4}.ReceiveTcpFromOurself|Any CPU.ActiveCfg = ReceiveTcpFromOurself|Any CPU
		{454C1F48-1D17-4080-BE99-C18D08D1EAA4}.ReceiveTcpFromOurself|Any CPU.Build.0 = ReceiveTcpFromOurself|Any CPU
		{454C1F48-1D17-4080-BE99-C18D08D1EAA4}.ReceiveTcpFromOurself|x64.ActiveCfg = ReceiveTcpFromOurself|Any CPU
		{454C1F48-1D17-4080-BE99-C18D08D1EAA4}.ReceiveTcpFromOurself|x64.Build.0 = ReceiveTcpFromOurself|Any CPU
		{454C1F48-1D17-4080-BE99-C18D08D1EAA4}.ReceiveTcpFromOurself|x86.ActiveCfg = ReceiveTcpFromOurself|Any CPU
		{454C1F48-1D17-4080-BE99-C18D08D1EAA4}.ReceiveTcpFromOurself|x86.Build.0 = ReceiveTcpFromOurself|Any CPU
		{454C1F48-1D17-4080-BE99-C18D08D1EAA4}.Release|Any CPU.ActiveCfg = Release|Any CPU
		{454C1F48-1D17-4080-BE99-C18D08D1EAA4}.Release|Any CPU.Build.0 = Release|Any CPU
		{454C1F48-1D17-4080-BE99-C18D08D1EAA4}.Release|x64.ActiveCfg = Release|Any CPU
		{454C1F48-1D17-4080-BE99-C18D08D1EAA4}.Release|x64.Build.0 = Release|Any CPU
		{454C1F48-1D17-4080-BE99-C18D08D1EAA4}.Release|x86.ActiveCfg = Release|Any CPU
		{454C1F48-1D17-4080-BE99-C18D08D1EAA4}.Release|x86.Build.0 = Release|Any CPU
		{9DAF9AC8-C899-4D34-A5F8-8850FA45F26E}.Debug|Any CPU.ActiveCfg = Debug|Any CPU
		{9DAF9AC8-C899-4D34-A5F8-8850FA45F26E}.Debug|Any CPU.Build.0 = Debug|Any CPU
		{9DAF9AC8-C899-4D34-A5F8-8850FA45F26E}.Debug|x64.ActiveCfg = Debug|Any CPU
		{9DAF9AC8-C899-4D34-A5F8-8850FA45F26E}.Debug|x64.Build.0 = Debug|Any CPU
		{9DAF9AC8-C899-4D34-A5F8-8850FA45F26E}.Debug|x86.ActiveCfg = Debug|Any CPU
		{9DAF9AC8-C899-4D34-A5F8-8850FA45F26E}.Debug|x86.Build.0 = Debug|Any CPU
		{9DAF9AC8-C899-4D34-A5F8-8850FA45F26E}.IntegrationTest|Any CPU.ActiveCfg = IntegrationTest|Any CPU
		{9DAF9AC8-C899-4D34-A5F8-8850FA45F26E}.IntegrationTest|Any CPU.Build.0 = IntegrationTest|Any CPU
		{9DAF9AC8-C899-4D34-A5F8-8850FA45F26E}.IntegrationTest|x64.ActiveCfg = IntegrationTest|Any CPU
		{9DAF9AC8-C899-4D34-A5F8-8850FA45F26E}.IntegrationTest|x64.Build.0 = IntegrationTest|Any CPU
		{9DAF9AC8-C899-4D34-A5F8-8850FA45F26E}.IntegrationTest|x86.ActiveCfg = IntegrationTest|Any CPU
		{9DAF9AC8-C899-4D34-A5F8-8850FA45F26E}.IntegrationTest|x86.Build.0 = IntegrationTest|Any CPU
		{9DAF9AC8-C899-4D34-A5F8-8850FA45F26E}.ReceiveTcpFromOurself|Any CPU.ActiveCfg = ReceiveTcpFromOurself|Any CPU
		{9DAF9AC8-C899-4D34-A5F8-8850FA45F26E}.ReceiveTcpFromOurself|Any CPU.Build.0 = ReceiveTcpFromOurself|Any CPU
		{9DAF9AC8-C899-4D34-A5F8-8850FA45F26E}.ReceiveTcpFromOurself|x64.ActiveCfg = ReceiveTcpFromOurself|Any CPU
		{9DAF9AC8-C899-4D34-A5F8-8850FA45F26E}.ReceiveTcpFromOurself|x64.Build.0 = ReceiveTcpFromOurself|Any CPU
		{9DAF9AC8-C899-4D34-A5F8-8850FA45F26E}.ReceiveTcpFromOurself|x86.ActiveCfg = ReceiveTcpFromOurself|Any CPU
		{9DAF9AC8-C899-4D34-A5F8-8850FA45F26E}.ReceiveTcpFromOurself|x86.Build.0 = ReceiveTcpFromOurself|Any CPU
		{9DAF9AC8-C899-4D34-A5F8-8850FA45F26E}.Release|Any CPU.ActiveCfg = Release|Any CPU
		{9DAF9AC8-C899-4D34-A5F8-8850FA45F26E}.Release|Any CPU.Build.0 = Release|Any CPU
		{9DAF9AC8-C899-4D34-A5F8-8850FA45F26E}.Release|x64.ActiveCfg = Release|Any CPU
		{9DAF9AC8-C899-4D34-A5F8-8850FA45F26E}.Release|x64.Build.0 = Release|Any CPU
		{9DAF9AC8-C899-4D34-A5F8-8850FA45F26E}.Release|x86.ActiveCfg = Release|Any CPU
		{9DAF9AC8-C899-4D34-A5F8-8850FA45F26E}.Release|x86.Build.0 = Release|Any CPU
		{6E3FE0BB-A9D0-4877-8EE9-6EBF418FFDCB}.Debug|Any CPU.ActiveCfg = Debug|Any CPU
		{6E3FE0BB-A9D0-4877-8EE9-6EBF418FFDCB}.Debug|Any CPU.Build.0 = Debug|Any CPU
		{6E3FE0BB-A9D0-4877-8EE9-6EBF418FFDCB}.Debug|x64.ActiveCfg = Debug|Any CPU
		{6E3FE0BB-A9D0-4877-8EE9-6EBF418FFDCB}.Debug|x64.Build.0 = Debug|Any CPU
		{6E3FE0BB-A9D0-4877-8EE9-6EBF418FFDCB}.Debug|x86.ActiveCfg = Debug|Any CPU
		{6E3FE0BB-A9D0-4877-8EE9-6EBF418FFDCB}.Debug|x86.Build.0 = Debug|Any CPU
		{6E3FE0BB-A9D0-4877-8EE9-6EBF418FFDCB}.IntegrationTest|Any CPU.ActiveCfg = Debug|Any CPU
		{6E3FE0BB-A9D0-4877-8EE9-6EBF418FFDCB}.IntegrationTest|Any CPU.Build.0 = Debug|Any CPU
		{6E3FE0BB-A9D0-4877-8EE9-6EBF418FFDCB}.IntegrationTest|x64.ActiveCfg = IntegrationTest|Any CPU
		{6E3FE0BB-A9D0-4877-8EE9-6EBF418FFDCB}.IntegrationTest|x64.Build.0 = IntegrationTest|Any CPU
		{6E3FE0BB-A9D0-4877-8EE9-6EBF418FFDCB}.IntegrationTest|x86.ActiveCfg = IntegrationTest|Any CPU
		{6E3FE0BB-A9D0-4877-8EE9-6EBF418FFDCB}.IntegrationTest|x86.Build.0 = IntegrationTest|Any CPU
		{6E3FE0BB-A9D0-4877-8EE9-6EBF418FFDCB}.ReceiveTcpFromOurself|Any CPU.ActiveCfg = Debug|Any CPU
		{6E3FE0BB-A9D0-4877-8EE9-6EBF418FFDCB}.ReceiveTcpFromOurself|Any CPU.Build.0 = Debug|Any CPU
		{6E3FE0BB-A9D0-4877-8EE9-6EBF418FFDCB}.ReceiveTcpFromOurself|x64.ActiveCfg = ReceiveTcpFromOurself|Any CPU
		{6E3FE0BB-A9D0-4877-8EE9-6EBF418FFDCB}.ReceiveTcpFromOurself|x64.Build.0 = ReceiveTcpFromOurself|Any CPU
		{6E3FE0BB-A9D0-4877-8EE9-6EBF418FFDCB}.ReceiveTcpFromOurself|x86.ActiveCfg = ReceiveTcpFromOurself|Any CPU
		{6E3FE0BB-A9D0-4877-8EE9-6EBF418FFDCB}.ReceiveTcpFromOurself|x86.Build.0 = ReceiveTcpFromOurself|Any CPU
		{6E3FE0BB-A9D0-4877-8EE9-6EBF418FFDCB}.Release|Any CPU.ActiveCfg = Release|Any CPU
		{6E3FE0BB-A9D0-4877-8EE9-6EBF418FFDCB}.Release|Any CPU.Build.0 = Release|Any CPU
		{6E3FE0BB-A9D0-4877-8EE9-6EBF418FFDCB}.Release|x64.ActiveCfg = Release|Any CPU
		{6E3FE0BB-A9D0-4877-8EE9-6EBF418FFDCB}.Release|x64.Build.0 = Release|Any CPU
		{6E3FE0BB-A9D0-4877-8EE9-6EBF418FFDCB}.Release|x86.ActiveCfg = Release|Any CPU
		{6E3FE0BB-A9D0-4877-8EE9-6EBF418FFDCB}.Release|x86.Build.0 = Release|Any CPU
		{F071E944-A1EE-4AEE-B74A-36FD5B246BA5}.Debug|Any CPU.ActiveCfg = Debug|Any CPU
		{F071E944-A1EE-4AEE-B74A-36FD5B246BA5}.Debug|Any CPU.Build.0 = Debug|Any CPU
		{F071E944-A1EE-4AEE-B74A-36FD5B246BA5}.Debug|x64.ActiveCfg = Debug|x64
		{F071E944-A1EE-4AEE-B74A-36FD5B246BA5}.Debug|x64.Build.0 = Debug|x64
		{F071E944-A1EE-4AEE-B74A-36FD5B246BA5}.Debug|x86.ActiveCfg = Debug|x86
		{F071E944-A1EE-4AEE-B74A-36FD5B246BA5}.Debug|x86.Build.0 = Debug|x86
		{F071E944-A1EE-4AEE-B74A-36FD5B246BA5}.IntegrationTest|Any CPU.ActiveCfg = Debug|Any CPU
		{F071E944-A1EE-4AEE-B74A-36FD5B246BA5}.IntegrationTest|Any CPU.Build.0 = Debug|Any CPU
		{F071E944-A1EE-4AEE-B74A-36FD5B246BA5}.IntegrationTest|x64.ActiveCfg = Debug|x64
		{F071E944-A1EE-4AEE-B74A-36FD5B246BA5}.IntegrationTest|x64.Build.0 = Debug|x64
		{F071E944-A1EE-4AEE-B74A-36FD5B246BA5}.IntegrationTest|x86.ActiveCfg = Debug|x86
		{F071E944-A1EE-4AEE-B74A-36FD5B246BA5}.IntegrationTest|x86.Build.0 = Debug|x86
		{F071E944-A1EE-4AEE-B74A-36FD5B246BA5}.ReceiveTcpFromOurself|Any CPU.ActiveCfg = Release|Any CPU
		{F071E944-A1EE-4AEE-B74A-36FD5B246BA5}.ReceiveTcpFromOurself|Any CPU.Build.0 = Release|Any CPU
		{F071E944-A1EE-4AEE-B74A-36FD5B246BA5}.ReceiveTcpFromOurself|x64.ActiveCfg = Release|x64
		{F071E944-A1EE-4AEE-B74A-36FD5B246BA5}.ReceiveTcpFromOurself|x64.Build.0 = Release|x64
		{F071E944-A1EE-4AEE-B74A-36FD5B246BA5}.ReceiveTcpFromOurself|x86.ActiveCfg = Release|x86
		{F071E944-A1EE-4AEE-B74A-36FD5B246BA5}.ReceiveTcpFromOurself|x86.Build.0 = Release|x86
		{F071E944-A1EE-4AEE-B74A-36FD5B246BA5}.Release|Any CPU.ActiveCfg = Release|Any CPU
		{F071E944-A1EE-4AEE-B74A-36FD5B246BA5}.Release|Any CPU.Build.0 = Release|Any CPU
		{F071E944-A1EE-4AEE-B74A-36FD5B246BA5}.Release|x64.ActiveCfg = Release|x64
		{F071E944-A1EE-4AEE-B74A-36FD5B246BA5}.Release|x64.Build.0 = Release|x64
		{F071E944-A1EE-4AEE-B74A-36FD5B246BA5}.Release|x86.ActiveCfg = Release|x86
		{F071E944-A1EE-4AEE-B74A-36FD5B246BA5}.Release|x86.Build.0 = Release|x86
		{CAE2EAD2-8DC6-4BB6-842F-7C8DB7068339}.Debug|Any CPU.ActiveCfg = Debug|Any CPU
		{CAE2EAD2-8DC6-4BB6-842F-7C8DB7068339}.Debug|Any CPU.Build.0 = Debug|Any CPU
		{CAE2EAD2-8DC6-4BB6-842F-7C8DB7068339}.Debug|x64.ActiveCfg = Debug|x64
		{CAE2EAD2-8DC6-4BB6-842F-7C8DB7068339}.Debug|x64.Build.0 = Debug|x64
		{CAE2EAD2-8DC6-4BB6-842F-7C8DB7068339}.Debug|x86.ActiveCfg = Debug|x86
		{CAE2EAD2-8DC6-4BB6-842F-7C8DB7068339}.Debug|x86.Build.0 = Debug|x86
		{CAE2EAD2-8DC6-4BB6-842F-7C8DB7068339}.IntegrationTest|Any CPU.ActiveCfg = Debug|Any CPU
		{CAE2EAD2-8DC6-4BB6-842F-7C8DB7068339}.IntegrationTest|Any CPU.Build.0 = Debug|Any CPU
		{CAE2EAD2-8DC6-4BB6-842F-7C8DB7068339}.IntegrationTest|x64.ActiveCfg = Debug|x64
		{CAE2EAD2-8DC6-4BB6-842F-7C8DB7068339}.IntegrationTest|x64.Build.0 = Debug|x64
		{CAE2EAD2-8DC6-4BB6-842F-7C8DB7068339}.IntegrationTest|x86.ActiveCfg = Debug|x86
		{CAE2EAD2-8DC6-4BB6-842F-7C8DB7068339}.IntegrationTest|x86.Build.0 = Debug|x86
		{CAE2EAD2-8DC6-4BB6-842F-7C8DB7068339}.ReceiveTcpFromOurself|Any CPU.ActiveCfg = Release|Any CPU
		{CAE2EAD2-8DC6-4BB6-842F-7C8DB7068339}.ReceiveTcpFromOurself|Any CPU.Build.0 = Release|Any CPU
		{CAE2EAD2-8DC6-4BB6-842F-7C8DB7068339}.ReceiveTcpFromOurself|x64.ActiveCfg = Release|x64
		{CAE2EAD2-8DC6-4BB6-842F-7C8DB7068339}.ReceiveTcpFromOurself|x64.Build.0 = Release|x64
		{CAE2EAD2-8DC6-4BB6-842F-7C8DB7068339}.ReceiveTcpFromOurself|x86.ActiveCfg = Release|x86
		{CAE2EAD2-8DC6-4BB6-842F-7C8DB7068339}.ReceiveTcpFromOurself|x86.Build.0 = Release|x86
		{CAE2EAD2-8DC6-4BB6-842F-7C8DB7068339}.Release|Any CPU.ActiveCfg = Release|Any CPU
		{CAE2EAD2-8DC6-4BB6-842F-7C8DB7068339}.Release|Any CPU.Build.0 = Release|Any CPU
		{CAE2EAD2-8DC6-4BB6-842F-7C8DB7068339}.Release|x64.ActiveCfg = Release|x64
		{CAE2EAD2-8DC6-4BB6-842F-7C8DB7068339}.Release|x64.Build.0 = Release|x64
		{CAE2EAD2-8DC6-4BB6-842F-7C8DB7068339}.Release|x86.ActiveCfg = Release|x86
		{CAE2EAD2-8DC6-4BB6-842F-7C8DB7068339}.Release|x86.Build.0 = Release|x86
		{0C8B6B6F-C6AD-4BBF-BCF9-D60B6286C763}.Debug|Any CPU.ActiveCfg = Debug|Any CPU
		{0C8B6B6F-C6AD-4BBF-BCF9-D60B6286C763}.Debug|Any CPU.Build.0 = Debug|Any CPU
		{0C8B6B6F-C6AD-4BBF-BCF9-D60B6286C763}.Debug|x64.ActiveCfg = Debug|x64
		{0C8B6B6F-C6AD-4BBF-BCF9-D60B6286C763}.Debug|x64.Build.0 = Debug|x64
		{0C8B6B6F-C6AD-4BBF-BCF9-D60B6286C763}.Debug|x86.ActiveCfg = Debug|x86
		{0C8B6B6F-C6AD-4BBF-BCF9-D60B6286C763}.Debug|x86.Build.0 = Debug|x86
		{0C8B6B6F-C6AD-4BBF-BCF9-D60B6286C763}.IntegrationTest|Any CPU.ActiveCfg = Debug|Any CPU
		{0C8B6B6F-C6AD-4BBF-BCF9-D60B6286C763}.IntegrationTest|Any CPU.Build.0 = Debug|Any CPU
		{0C8B6B6F-C6AD-4BBF-BCF9-D60B6286C763}.IntegrationTest|x64.ActiveCfg = Debug|x64
		{0C8B6B6F-C6AD-4BBF-BCF9-D60B6286C763}.IntegrationTest|x64.Build.0 = Debug|x64
		{0C8B6B6F-C6AD-4BBF-BCF9-D60B6286C763}.IntegrationTest|x86.ActiveCfg = Debug|x86
		{0C8B6B6F-C6AD-4BBF-BCF9-D60B6286C763}.IntegrationTest|x86.Build.0 = Debug|x86
		{0C8B6B6F-C6AD-4BBF-BCF9-D60B6286C763}.ReceiveTcpFromOurself|Any CPU.ActiveCfg = Release|Any CPU
		{0C8B6B6F-C6AD-4BBF-BCF9-D60B6286C763}.ReceiveTcpFromOurself|Any CPU.Build.0 = Release|Any CPU
		{0C8B6B6F-C6AD-4BBF-BCF9-D60B6286C763}.ReceiveTcpFromOurself|x64.ActiveCfg = Release|x64
		{0C8B6B6F-C6AD-4BBF-BCF9-D60B6286C763}.ReceiveTcpFromOurself|x64.Build.0 = Release|x64
		{0C8B6B6F-C6AD-4BBF-BCF9-D60B6286C763}.ReceiveTcpFromOurself|x86.ActiveCfg = Release|x86
		{0C8B6B6F-C6AD-4BBF-BCF9-D60B6286C763}.ReceiveTcpFromOurself|x86.Build.0 = Release|x86
		{0C8B6B6F-C6AD-4BBF-BCF9-D60B6286C763}.Release|Any CPU.ActiveCfg = Release|Any CPU
		{0C8B6B6F-C6AD-4BBF-BCF9-D60B6286C763}.Release|Any CPU.Build.0 = Release|Any CPU
		{0C8B6B6F-C6AD-4BBF-BCF9-D60B6286C763}.Release|x64.ActiveCfg = Release|x64
		{0C8B6B6F-C6AD-4BBF-BCF9-D60B6286C763}.Release|x64.Build.0 = Release|x64
		{0C8B6B6F-C6AD-4BBF-BCF9-D60B6286C763}.Release|x86.ActiveCfg = Release|x86
		{0C8B6B6F-C6AD-4BBF-BCF9-D60B6286C763}.Release|x86.Build.0 = Release|x86
		{0F5F0967-F62A-4099-A6D7-2687CBA9E4DF}.Debug|Any CPU.ActiveCfg = Debug|Any CPU
		{0F5F0967-F62A-4099-A6D7-2687CBA9E4DF}.Debug|Any CPU.Build.0 = Debug|Any CPU
		{0F5F0967-F62A-4099-A6D7-2687CBA9E4DF}.Debug|x64.ActiveCfg = Debug|x64
		{0F5F0967-F62A-4099-A6D7-2687CBA9E4DF}.Debug|x64.Build.0 = Debug|x64
		{0F5F0967-F62A-4099-A6D7-2687CBA9E4DF}.Debug|x86.ActiveCfg = Debug|x86
		{0F5F0967-F62A-4099-A6D7-2687CBA9E4DF}.Debug|x86.Build.0 = Debug|x86
		{0F5F0967-F62A-4099-A6D7-2687CBA9E4DF}.IntegrationTest|Any CPU.ActiveCfg = Debug|Any CPU
		{0F5F0967-F62A-4099-A6D7-2687CBA9E4DF}.IntegrationTest|Any CPU.Build.0 = Debug|Any CPU
		{0F5F0967-F62A-4099-A6D7-2687CBA9E4DF}.IntegrationTest|x64.ActiveCfg = Debug|x64
		{0F5F0967-F62A-4099-A6D7-2687CBA9E4DF}.IntegrationTest|x64.Build.0 = Debug|x64
		{0F5F0967-F62A-4099-A6D7-2687CBA9E4DF}.IntegrationTest|x86.ActiveCfg = Debug|x86
		{0F5F0967-F62A-4099-A6D7-2687CBA9E4DF}.IntegrationTest|x86.Build.0 = Debug|x86
		{0F5F0967-F62A-4099-A6D7-2687CBA9E4DF}.ReceiveTcpFromOurself|Any CPU.ActiveCfg = Release|Any CPU
		{0F5F0967-F62A-4099-A6D7-2687CBA9E4DF}.ReceiveTcpFromOurself|Any CPU.Build.0 = Release|Any CPU
		{0F5F0967-F62A-4099-A6D7-2687CBA9E4DF}.ReceiveTcpFromOurself|x64.ActiveCfg = Release|x64
		{0F5F0967-F62A-4099-A6D7-2687CBA9E4DF}.ReceiveTcpFromOurself|x64.Build.0 = Release|x64
		{0F5F0967-F62A-4099-A6D7-2687CBA9E4DF}.ReceiveTcpFromOurself|x86.ActiveCfg = Release|x86
		{0F5F0967-F62A-4099-A6D7-2687CBA9E4DF}.ReceiveTcpFromOurself|x86.Build.0 = Release|x86
		{0F5F0967-F62A-4099-A6D7-2687CBA9E4DF}.Release|Any CPU.ActiveCfg = Release|Any CPU
		{0F5F0967-F62A-4099-A6D7-2687CBA9E4DF}.Release|Any CPU.Build.0 = Release|Any CPU
		{0F5F0967-F62A-4099-A6D7-2687CBA9E4DF}.Release|x64.ActiveCfg = Release|x64
		{0F5F0967-F62A-4099-A6D7-2687CBA9E4DF}.Release|x64.Build.0 = Release|x64
		{0F5F0967-F62A-4099-A6D7-2687CBA9E4DF}.Release|x86.ActiveCfg = Release|x86
		{0F5F0967-F62A-4099-A6D7-2687CBA9E4DF}.Release|x86.Build.0 = Release|x86
		{2706EDD4-0304-4824-A331-7403D2B54EBA}.Debug|Any CPU.ActiveCfg = Debug|Any CPU
		{2706EDD4-0304-4824-A331-7403D2B54EBA}.Debug|Any CPU.Build.0 = Debug|Any CPU
		{2706EDD4-0304-4824-A331-7403D2B54EBA}.Debug|x64.ActiveCfg = Debug|x64
		{2706EDD4-0304-4824-A331-7403D2B54EBA}.Debug|x64.Build.0 = Debug|x64
		{2706EDD4-0304-4824-A331-7403D2B54EBA}.Debug|x86.ActiveCfg = Debug|x86
		{2706EDD4-0304-4824-A331-7403D2B54EBA}.Debug|x86.Build.0 = Debug|x86
		{2706EDD4-0304-4824-A331-7403D2B54EBA}.IntegrationTest|Any CPU.ActiveCfg = Debug|Any CPU
		{2706EDD4-0304-4824-A331-7403D2B54EBA}.IntegrationTest|Any CPU.Build.0 = Debug|Any CPU
		{2706EDD4-0304-4824-A331-7403D2B54EBA}.IntegrationTest|x64.ActiveCfg = Debug|x64
		{2706EDD4-0304-4824-A331-7403D2B54EBA}.IntegrationTest|x64.Build.0 = Debug|x64
		{2706EDD4-0304-4824-A331-7403D2B54EBA}.IntegrationTest|x86.ActiveCfg = Debug|x86
		{2706EDD4-0304-4824-A331-7403D2B54EBA}.IntegrationTest|x86.Build.0 = Debug|x86
		{2706EDD4-0304-4824-A331-7403D2B54EBA}.ReceiveTcpFromOurself|Any CPU.ActiveCfg = Release|Any CPU
		{2706EDD4-0304-4824-A331-7403D2B54EBA}.ReceiveTcpFromOurself|Any CPU.Build.0 = Release|Any CPU
		{2706EDD4-0304-4824-A331-7403D2B54EBA}.ReceiveTcpFromOurself|x64.ActiveCfg = Release|x64
		{2706EDD4-0304-4824-A331-7403D2B54EBA}.ReceiveTcpFromOurself|x64.Build.0 = Release|x64
		{2706EDD4-0304-4824-A331-7403D2B54EBA}.ReceiveTcpFromOurself|x86.ActiveCfg = Release|x86
		{2706EDD4-0304-4824-A331-7403D2B54EBA}.ReceiveTcpFromOurself|x86.Build.0 = Release|x86
		{2706EDD4-0304-4824-A331-7403D2B54EBA}.Release|Any CPU.ActiveCfg = Release|Any CPU
		{2706EDD4-0304-4824-A331-7403D2B54EBA}.Release|Any CPU.Build.0 = Release|Any CPU
		{2706EDD4-0304-4824-A331-7403D2B54EBA}.Release|x64.ActiveCfg = Release|x64
		{2706EDD4-0304-4824-A331-7403D2B54EBA}.Release|x64.Build.0 = Release|x64
		{2706EDD4-0304-4824-A331-7403D2B54EBA}.Release|x86.ActiveCfg = Release|x86
		{2706EDD4-0304-4824-A331-7403D2B54EBA}.Release|x86.Build.0 = Release|x86
	EndGlobalSection
	GlobalSection(SolutionProperties) = preSolution
		HideSolutionNode = FALSE
	EndGlobalSection
	GlobalSection(NestedProjects) = preSolution
		{454C1F48-1D17-4080-BE99-C18D08D1EAA4} = {AC51C97E-E790-4319-B13B-001BE3557408}
	EndGlobalSection
	GlobalSection(ExtensibilityGlobals) = postSolution
		SolutionGuid = {A170D409-AA14-46AC-A401-EFEAA12A043F}
	EndGlobalSection
EndGlobal
