
Microsoft Visual Studio Solution File, Format Version 12.00
# Visual Studio Version 17
VisualStudioVersion = 17.1.32210.238
MinimumVisualStudioVersion = 10.0.40219.1
Project("{FAE04EC0-301F-11D3-BF4B-00C04F79EFBC}") = "LUC.WpfClient", "LUC.WpfClient\LUC.WpfClient.csproj", "{043DC896-AD4C-4C28-9A9B-2A67F35F6EBE}"
	ProjectSection(ProjectDependencies) = postProject
		{9DAF9AC8-C899-4D34-A5F8-8850FA45F26E} = {9DAF9AC8-C899-4D34-A5F8-8850FA45F26E}
	EndProjectSection
EndProject
Project("{FAE04EC0-301F-11D3-BF4B-00C04F79EFBC}") = "LUC.ApiClient", "LUC.ApiClient\LUC.ApiClient.csproj", "{F071E944-A1EE-4AEE-B74A-36FD5B246BA5}"
	ProjectSection(ProjectDependencies) = postProject
		{1EE3BD8A-5EB3-46F3-8CD7-1029E78C2D4F} = {1EE3BD8A-5EB3-46F3-8CD7-1029E78C2D4F}
	EndProjectSection
EndProject
Project("{FAE04EC0-301F-11D3-BF4B-00C04F79EFBC}") = "LUC.Services.Implementation", "LUC.Services.Implementation\LUC.Services.Implementation.csproj", "{2706EDD4-0304-4824-A331-7403D2B54EBA}"
EndProject
Project("{FAE04EC0-301F-11D3-BF4B-00C04F79EFBC}") = "LUC.ViewModels", "LUC.ViewModels\LUC.ViewModels.csproj", "{1EE3BD8A-5EB3-46F3-8CD7-1029E78C2D4F}"
EndProject
Project("{FAE04EC0-301F-11D3-BF4B-00C04F79EFBC}") = "NotifyIconWpf", "NotifyIconWpf\NotifyIconWpf.csproj", "{7AC63864-7638-41C4-969C-D3197EF2BED9}"
EndProject
Project("{FAE04EC0-301F-11D3-BF4B-00C04F79EFBC}") = "LUC.DubstackAdsUtility", "LUC.DubstackAdsUtility\LUC.DubstackAdsUtility.csproj", "{4E2E5AF6-DA21-4FB9-8097-FE4963E98FC7}"
EndProject
Project("{FAE04EC0-301F-11D3-BF4B-00C04F79EFBC}") = "LUC.IntegrationTests", "LUC.IntegrationTests\LUC.IntegrationTests.csproj", "{9AAD2E10-E7F2-4ED3-BE94-F34BFF24D396}"
EndProject
Project("{FAE04EC0-301F-11D3-BF4B-00C04F79EFBC}") = "LUC.Common.PrismEvents", "LUC.Common.PrismEvents\LUC.Common.PrismEvents.csproj", "{CAE2EAD2-8DC6-4BB6-842F-7C8DB7068339}"
EndProject
Project("{FAE04EC0-301F-11D3-BF4B-00C04F79EFBC}") = "LUC.Interfaces", "LUC.Interfaces\LUC.Interfaces.csproj", "{0F5F0967-F62A-4099-A6D7-2687CBA9E4DF}"
EndProject
Project("{FAE04EC0-301F-11D3-BF4B-00C04F79EFBC}") = "DiscoveryService", "LUC.DiscoveryService\DiscoveryService.csproj", "{9DAF9AC8-C899-4D34-A5F8-8850FA45F26E}"
EndProject
Project("{FAE04EC0-301F-11D3-BF4B-00C04F79EFBC}") = "LightClientLibrary", "LightClientLibrary\LightClientLibrary.csproj", "{499678CE-EE00-451C-A931-4CD4741184EC}"
EndProject
Project("{2150E333-8FDC-42A3-9474-1A3956D46DE8}") = "Solution Items", "Solution Items", "{16F126B0-2931-4EA0-B661-D796E7026DFD}"
	ProjectSection(SolutionItems) = preProject
		.editorconfig = .editorconfig
		Reporting.WpfClient.pssln = Reporting.WpfClient.pssln
	EndProjectSection
EndProject
Project("{FAE04EC0-301F-11D3-BF4B-00C04F79EFBC}") = "DiscoveryService.Test", "LUC.DiscoveryService.Test\DiscoveryService.Test.csproj", "{454C1F48-1D17-4080-BE99-C18D08D1EAA4}"
EndProject
Project("{FAE04EC0-301F-11D3-BF4B-00C04F79EFBC}") = "LUC.Globalization", "LUC.Globalization\LUC.Globalization.csproj", "{0C8B6B6F-C6AD-4BBF-BCF9-D60B6286C763}"
EndProject
Project("{FAE04EC0-301F-11D3-BF4B-00C04F79EFBC}") = "LUC.UnitTests", "LUC.UnitTests\LUC.UnitTests.csproj", "{7DE06238-95BF-40F4-B1D0-834BB6429380}"
EndProject
Global
	GlobalSection(SolutionConfigurationPlatforms) = preSolution
		All|Any CPU = All|Any CPU
		All|x64 = All|x64
		All|x86 = All|x86
		Debug|Any CPU = Debug|Any CPU
		Debug|x64 = Debug|x64
		Debug|x86 = Debug|x86
		EnableDsDownloadFromCurrentPc|Any CPU = EnableDsDownloadFromCurrentPc|Any CPU
		EnableDsDownloadFromCurrentPc|x64 = EnableDsDownloadFromCurrentPc|x64
		EnableDsDownloadFromCurrentPc|x86 = EnableDsDownloadFromCurrentPc|x86
		IntegrationTest|Any CPU = IntegrationTest|Any CPU
		IntegrationTest|x64 = IntegrationTest|x64
		IntegrationTest|x86 = IntegrationTest|x86
		ReceiveUdpFromOurself|Any CPU = ReceiveUdpFromOurself|Any CPU
		ReceiveUdpFromOurself|x64 = ReceiveUdpFromOurself|x64
		ReceiveUdpFromOurself|x86 = ReceiveUdpFromOurself|x86
		Release|Any CPU = Release|Any CPU
		Release|x64 = Release|x64
		Release|x86 = Release|x86
	EndGlobalSection
	GlobalSection(ProjectConfigurationPlatforms) = postSolution
		{043DC896-AD4C-4C28-9A9B-2A67F35F6EBE}.All|Any CPU.ActiveCfg = Release|Any CPU
		{043DC896-AD4C-4C28-9A9B-2A67F35F6EBE}.All|Any CPU.Build.0 = Release|Any CPU
		{043DC896-AD4C-4C28-9A9B-2A67F35F6EBE}.All|x64.ActiveCfg = Release|x64
		{043DC896-AD4C-4C28-9A9B-2A67F35F6EBE}.All|x64.Build.0 = Release|x64
		{043DC896-AD4C-4C28-9A9B-2A67F35F6EBE}.All|x86.ActiveCfg = Release|x86
		{043DC896-AD4C-4C28-9A9B-2A67F35F6EBE}.All|x86.Build.0 = Release|x86
		{043DC896-AD4C-4C28-9A9B-2A67F35F6EBE}.Debug|Any CPU.ActiveCfg = Debug|Any CPU
		{043DC896-AD4C-4C28-9A9B-2A67F35F6EBE}.Debug|Any CPU.Build.0 = Debug|Any CPU
		{043DC896-AD4C-4C28-9A9B-2A67F35F6EBE}.Debug|x64.ActiveCfg = Debug|x64
		{043DC896-AD4C-4C28-9A9B-2A67F35F6EBE}.Debug|x64.Build.0 = Debug|x64
		{043DC896-AD4C-4C28-9A9B-2A67F35F6EBE}.Debug|x86.ActiveCfg = Debug|x86
		{043DC896-AD4C-4C28-9A9B-2A67F35F6EBE}.Debug|x86.Build.0 = Debug|x86
		{043DC896-AD4C-4C28-9A9B-2A67F35F6EBE}.EnableDsDownloadFromCurrentPc|Any CPU.ActiveCfg = Debug|Any CPU
		{043DC896-AD4C-4C28-9A9B-2A67F35F6EBE}.EnableDsDownloadFromCurrentPc|Any CPU.Build.0 = Debug|Any CPU
		{043DC896-AD4C-4C28-9A9B-2A67F35F6EBE}.EnableDsDownloadFromCurrentPc|x64.ActiveCfg = Release|x64
		{043DC896-AD4C-4C28-9A9B-2A67F35F6EBE}.EnableDsDownloadFromCurrentPc|x64.Build.0 = Release|x64
		{043DC896-AD4C-4C28-9A9B-2A67F35F6EBE}.EnableDsDownloadFromCurrentPc|x86.ActiveCfg = Release|x86
		{043DC896-AD4C-4C28-9A9B-2A67F35F6EBE}.EnableDsDownloadFromCurrentPc|x86.Build.0 = Release|x86
		{043DC896-AD4C-4C28-9A9B-2A67F35F6EBE}.IntegrationTest|Any CPU.ActiveCfg = Release|Any CPU
		{043DC896-AD4C-4C28-9A9B-2A67F35F6EBE}.IntegrationTest|Any CPU.Build.0 = Release|Any CPU
		{043DC896-AD4C-4C28-9A9B-2A67F35F6EBE}.IntegrationTest|x64.ActiveCfg = Release|x64
		{043DC896-AD4C-4C28-9A9B-2A67F35F6EBE}.IntegrationTest|x64.Build.0 = Release|x64
		{043DC896-AD4C-4C28-9A9B-2A67F35F6EBE}.IntegrationTest|x86.ActiveCfg = Release|x86
		{043DC896-AD4C-4C28-9A9B-2A67F35F6EBE}.IntegrationTest|x86.Build.0 = Release|x86
		{043DC896-AD4C-4C28-9A9B-2A67F35F6EBE}.ReceiveUdpFromOurself|Any CPU.ActiveCfg = Debug|Any CPU
		{043DC896-AD4C-4C28-9A9B-2A67F35F6EBE}.ReceiveUdpFromOurself|Any CPU.Build.0 = Debug|Any CPU
		{043DC896-AD4C-4C28-9A9B-2A67F35F6EBE}.ReceiveUdpFromOurself|x64.ActiveCfg = Release|x64
		{043DC896-AD4C-4C28-9A9B-2A67F35F6EBE}.ReceiveUdpFromOurself|x64.Build.0 = Release|x64
		{043DC896-AD4C-4C28-9A9B-2A67F35F6EBE}.ReceiveUdpFromOurself|x86.ActiveCfg = Release|x86
		{043DC896-AD4C-4C28-9A9B-2A67F35F6EBE}.ReceiveUdpFromOurself|x86.Build.0 = Release|x86
		{043DC896-AD4C-4C28-9A9B-2A67F35F6EBE}.Release|Any CPU.ActiveCfg = Release|Any CPU
		{043DC896-AD4C-4C28-9A9B-2A67F35F6EBE}.Release|Any CPU.Build.0 = Release|Any CPU
		{043DC896-AD4C-4C28-9A9B-2A67F35F6EBE}.Release|x64.ActiveCfg = Release|Any CPU
		{043DC896-AD4C-4C28-9A9B-2A67F35F6EBE}.Release|x64.Build.0 = Release|Any CPU
		{043DC896-AD4C-4C28-9A9B-2A67F35F6EBE}.Release|x86.ActiveCfg = Release|x86
		{043DC896-AD4C-4C28-9A9B-2A67F35F6EBE}.Release|x86.Build.0 = Release|x86
		{F071E944-A1EE-4AEE-B74A-36FD5B246BA5}.All|Any CPU.ActiveCfg = Release|Any CPU
		{F071E944-A1EE-4AEE-B74A-36FD5B246BA5}.All|Any CPU.Build.0 = Release|Any CPU
		{F071E944-A1EE-4AEE-B74A-36FD5B246BA5}.All|x64.ActiveCfg = EnableDsDownloadFromCurrentPc|x64
		{F071E944-A1EE-4AEE-B74A-36FD5B246BA5}.All|x64.Build.0 = EnableDsDownloadFromCurrentPc|x64
		{F071E944-A1EE-4AEE-B74A-36FD5B246BA5}.All|x86.ActiveCfg = EnableDsDownloadFromCurrentPc|x86
		{F071E944-A1EE-4AEE-B74A-36FD5B246BA5}.All|x86.Build.0 = EnableDsDownloadFromCurrentPc|x86
		{F071E944-A1EE-4AEE-B74A-36FD5B246BA5}.Debug|Any CPU.ActiveCfg = Debug|Any CPU
		{F071E944-A1EE-4AEE-B74A-36FD5B246BA5}.Debug|Any CPU.Build.0 = Debug|Any CPU
		{F071E944-A1EE-4AEE-B74A-36FD5B246BA5}.Debug|x64.ActiveCfg = Debug|x64
		{F071E944-A1EE-4AEE-B74A-36FD5B246BA5}.Debug|x64.Build.0 = Debug|x64
		{F071E944-A1EE-4AEE-B74A-36FD5B246BA5}.Debug|x86.ActiveCfg = Debug|x86
		{F071E944-A1EE-4AEE-B74A-36FD5B246BA5}.Debug|x86.Build.0 = Debug|x86
		{F071E944-A1EE-4AEE-B74A-36FD5B246BA5}.EnableDsDownloadFromCurrentPc|Any CPU.ActiveCfg = EnableDsDownloadFromCurrentPc|Any CPU
		{F071E944-A1EE-4AEE-B74A-36FD5B246BA5}.EnableDsDownloadFromCurrentPc|Any CPU.Build.0 = EnableDsDownloadFromCurrentPc|Any CPU
		{F071E944-A1EE-4AEE-B74A-36FD5B246BA5}.EnableDsDownloadFromCurrentPc|x64.ActiveCfg = Release|x64
		{F071E944-A1EE-4AEE-B74A-36FD5B246BA5}.EnableDsDownloadFromCurrentPc|x64.Build.0 = Release|x64
		{F071E944-A1EE-4AEE-B74A-36FD5B246BA5}.EnableDsDownloadFromCurrentPc|x86.ActiveCfg = Release|x86
		{F071E944-A1EE-4AEE-B74A-36FD5B246BA5}.EnableDsDownloadFromCurrentPc|x86.Build.0 = Release|x86
		{F071E944-A1EE-4AEE-B74A-36FD5B246BA5}.IntegrationTest|Any CPU.ActiveCfg = Release|Any CPU
		{F071E944-A1EE-4AEE-B74A-36FD5B246BA5}.IntegrationTest|Any CPU.Build.0 = Release|Any CPU
		{F071E944-A1EE-4AEE-B74A-36FD5B246BA5}.IntegrationTest|x64.ActiveCfg = Release|x64
		{F071E944-A1EE-4AEE-B74A-36FD5B246BA5}.IntegrationTest|x64.Build.0 = Release|x64
		{F071E944-A1EE-4AEE-B74A-36FD5B246BA5}.IntegrationTest|x86.ActiveCfg = Release|x86
		{F071E944-A1EE-4AEE-B74A-36FD5B246BA5}.IntegrationTest|x86.Build.0 = Release|x86
		{F071E944-A1EE-4AEE-B74A-36FD5B246BA5}.ReceiveUdpFromOurself|Any CPU.ActiveCfg = Debug|Any CPU
		{F071E944-A1EE-4AEE-B74A-36FD5B246BA5}.ReceiveUdpFromOurself|Any CPU.Build.0 = Debug|Any CPU
		{F071E944-A1EE-4AEE-B74A-36FD5B246BA5}.ReceiveUdpFromOurself|x64.ActiveCfg = Release|x64
		{F071E944-A1EE-4AEE-B74A-36FD5B246BA5}.ReceiveUdpFromOurself|x64.Build.0 = Release|x64
		{F071E944-A1EE-4AEE-B74A-36FD5B246BA5}.ReceiveUdpFromOurself|x86.ActiveCfg = Release|x86
		{F071E944-A1EE-4AEE-B74A-36FD5B246BA5}.ReceiveUdpFromOurself|x86.Build.0 = Release|x86
		{F071E944-A1EE-4AEE-B74A-36FD5B246BA5}.Release|Any CPU.ActiveCfg = Release|Any CPU
		{F071E944-A1EE-4AEE-B74A-36FD5B246BA5}.Release|Any CPU.Build.0 = Release|Any CPU
		{F071E944-A1EE-4AEE-B74A-36FD5B246BA5}.Release|x64.ActiveCfg = Release|Any CPU
		{F071E944-A1EE-4AEE-B74A-36FD5B246BA5}.Release|x64.Build.0 = Release|Any CPU
		{F071E944-A1EE-4AEE-B74A-36FD5B246BA5}.Release|x86.ActiveCfg = Release|x86
		{F071E944-A1EE-4AEE-B74A-36FD5B246BA5}.Release|x86.Build.0 = Release|x86
		{2706EDD4-0304-4824-A331-7403D2B54EBA}.All|Any CPU.ActiveCfg = Release|Any CPU
		{2706EDD4-0304-4824-A331-7403D2B54EBA}.All|Any CPU.Build.0 = Release|Any CPU
		{2706EDD4-0304-4824-A331-7403D2B54EBA}.All|x64.ActiveCfg = Release|x64
		{2706EDD4-0304-4824-A331-7403D2B54EBA}.All|x64.Build.0 = Release|x64
		{2706EDD4-0304-4824-A331-7403D2B54EBA}.All|x86.ActiveCfg = Release|x86
		{2706EDD4-0304-4824-A331-7403D2B54EBA}.All|x86.Build.0 = Release|x86
		{2706EDD4-0304-4824-A331-7403D2B54EBA}.Debug|Any CPU.ActiveCfg = Debug|Any CPU
		{2706EDD4-0304-4824-A331-7403D2B54EBA}.Debug|Any CPU.Build.0 = Debug|Any CPU
		{2706EDD4-0304-4824-A331-7403D2B54EBA}.Debug|x64.ActiveCfg = Debug|x64
		{2706EDD4-0304-4824-A331-7403D2B54EBA}.Debug|x64.Build.0 = Debug|x64
		{2706EDD4-0304-4824-A331-7403D2B54EBA}.Debug|x86.ActiveCfg = Debug|x86
		{2706EDD4-0304-4824-A331-7403D2B54EBA}.Debug|x86.Build.0 = Debug|x86
		{2706EDD4-0304-4824-A331-7403D2B54EBA}.EnableDsDownloadFromCurrentPc|Any CPU.ActiveCfg = Debug|Any CPU
		{2706EDD4-0304-4824-A331-7403D2B54EBA}.EnableDsDownloadFromCurrentPc|Any CPU.Build.0 = Debug|Any CPU
		{2706EDD4-0304-4824-A331-7403D2B54EBA}.EnableDsDownloadFromCurrentPc|x64.ActiveCfg = Release|x64
		{2706EDD4-0304-4824-A331-7403D2B54EBA}.EnableDsDownloadFromCurrentPc|x64.Build.0 = Release|x64
		{2706EDD4-0304-4824-A331-7403D2B54EBA}.EnableDsDownloadFromCurrentPc|x86.ActiveCfg = Release|x86
		{2706EDD4-0304-4824-A331-7403D2B54EBA}.EnableDsDownloadFromCurrentPc|x86.Build.0 = Release|x86
		{2706EDD4-0304-4824-A331-7403D2B54EBA}.IntegrationTest|Any CPU.ActiveCfg = Release|Any CPU
		{2706EDD4-0304-4824-A331-7403D2B54EBA}.IntegrationTest|Any CPU.Build.0 = Release|Any CPU
		{2706EDD4-0304-4824-A331-7403D2B54EBA}.IntegrationTest|x64.ActiveCfg = Release|x64
		{2706EDD4-0304-4824-A331-7403D2B54EBA}.IntegrationTest|x64.Build.0 = Release|x64
		{2706EDD4-0304-4824-A331-7403D2B54EBA}.IntegrationTest|x86.ActiveCfg = Release|x86
		{2706EDD4-0304-4824-A331-7403D2B54EBA}.IntegrationTest|x86.Build.0 = Release|x86
		{2706EDD4-0304-4824-A331-7403D2B54EBA}.ReceiveUdpFromOurself|Any CPU.ActiveCfg = Debug|Any CPU
		{2706EDD4-0304-4824-A331-7403D2B54EBA}.ReceiveUdpFromOurself|Any CPU.Build.0 = Debug|Any CPU
		{2706EDD4-0304-4824-A331-7403D2B54EBA}.ReceiveUdpFromOurself|x64.ActiveCfg = Release|x64
		{2706EDD4-0304-4824-A331-7403D2B54EBA}.ReceiveUdpFromOurself|x64.Build.0 = Release|x64
		{2706EDD4-0304-4824-A331-7403D2B54EBA}.ReceiveUdpFromOurself|x86.ActiveCfg = Release|x86
		{2706EDD4-0304-4824-A331-7403D2B54EBA}.ReceiveUdpFromOurself|x86.Build.0 = Release|x86
		{2706EDD4-0304-4824-A331-7403D2B54EBA}.Release|Any CPU.ActiveCfg = Release|Any CPU
		{2706EDD4-0304-4824-A331-7403D2B54EBA}.Release|Any CPU.Build.0 = Release|Any CPU
		{2706EDD4-0304-4824-A331-7403D2B54EBA}.Release|x64.ActiveCfg = Release|Any CPU
		{2706EDD4-0304-4824-A331-7403D2B54EBA}.Release|x64.Build.0 = Release|Any CPU
		{2706EDD4-0304-4824-A331-7403D2B54EBA}.Release|x86.ActiveCfg = Release|x86
		{2706EDD4-0304-4824-A331-7403D2B54EBA}.Release|x86.Build.0 = Release|x86
		{1EE3BD8A-5EB3-46F3-8CD7-1029E78C2D4F}.All|Any CPU.ActiveCfg = Release|Any CPU
		{1EE3BD8A-5EB3-46F3-8CD7-1029E78C2D4F}.All|Any CPU.Build.0 = Release|Any CPU
		{1EE3BD8A-5EB3-46F3-8CD7-1029E78C2D4F}.All|x64.ActiveCfg = Release|x64
		{1EE3BD8A-5EB3-46F3-8CD7-1029E78C2D4F}.All|x64.Build.0 = Release|x64
		{1EE3BD8A-5EB3-46F3-8CD7-1029E78C2D4F}.All|x86.ActiveCfg = Release|x86
		{1EE3BD8A-5EB3-46F3-8CD7-1029E78C2D4F}.All|x86.Build.0 = Release|x86
		{1EE3BD8A-5EB3-46F3-8CD7-1029E78C2D4F}.Debug|Any CPU.ActiveCfg = Debug|Any CPU
		{1EE3BD8A-5EB3-46F3-8CD7-1029E78C2D4F}.Debug|Any CPU.Build.0 = Debug|Any CPU
		{1EE3BD8A-5EB3-46F3-8CD7-1029E78C2D4F}.Debug|x64.ActiveCfg = Debug|x64
		{1EE3BD8A-5EB3-46F3-8CD7-1029E78C2D4F}.Debug|x64.Build.0 = Debug|x64
		{1EE3BD8A-5EB3-46F3-8CD7-1029E78C2D4F}.Debug|x86.ActiveCfg = Debug|x86
		{1EE3BD8A-5EB3-46F3-8CD7-1029E78C2D4F}.Debug|x86.Build.0 = Debug|x86
		{1EE3BD8A-5EB3-46F3-8CD7-1029E78C2D4F}.EnableDsDownloadFromCurrentPc|Any CPU.ActiveCfg = Debug|Any CPU
		{1EE3BD8A-5EB3-46F3-8CD7-1029E78C2D4F}.EnableDsDownloadFromCurrentPc|Any CPU.Build.0 = Debug|Any CPU
		{1EE3BD8A-5EB3-46F3-8CD7-1029E78C2D4F}.EnableDsDownloadFromCurrentPc|x64.ActiveCfg = Release|x64
		{1EE3BD8A-5EB3-46F3-8CD7-1029E78C2D4F}.EnableDsDownloadFromCurrentPc|x64.Build.0 = Release|x64
		{1EE3BD8A-5EB3-46F3-8CD7-1029E78C2D4F}.EnableDsDownloadFromCurrentPc|x86.ActiveCfg = Release|x86
		{1EE3BD8A-5EB3-46F3-8CD7-1029E78C2D4F}.EnableDsDownloadFromCurrentPc|x86.Build.0 = Release|x86
		{1EE3BD8A-5EB3-46F3-8CD7-1029E78C2D4F}.IntegrationTest|Any CPU.ActiveCfg = Release|Any CPU
		{1EE3BD8A-5EB3-46F3-8CD7-1029E78C2D4F}.IntegrationTest|Any CPU.Build.0 = Release|Any CPU
		{1EE3BD8A-5EB3-46F3-8CD7-1029E78C2D4F}.IntegrationTest|x64.ActiveCfg = Release|x64
		{1EE3BD8A-5EB3-46F3-8CD7-1029E78C2D4F}.IntegrationTest|x64.Build.0 = Release|x64
		{1EE3BD8A-5EB3-46F3-8CD7-1029E78C2D4F}.IntegrationTest|x86.ActiveCfg = Release|x86
		{1EE3BD8A-5EB3-46F3-8CD7-1029E78C2D4F}.IntegrationTest|x86.Build.0 = Release|x86
		{1EE3BD8A-5EB3-46F3-8CD7-1029E78C2D4F}.ReceiveUdpFromOurself|Any CPU.ActiveCfg = Debug|Any CPU
		{1EE3BD8A-5EB3-46F3-8CD7-1029E78C2D4F}.ReceiveUdpFromOurself|Any CPU.Build.0 = Debug|Any CPU
		{1EE3BD8A-5EB3-46F3-8CD7-1029E78C2D4F}.ReceiveUdpFromOurself|x64.ActiveCfg = Release|x64
		{1EE3BD8A-5EB3-46F3-8CD7-1029E78C2D4F}.ReceiveUdpFromOurself|x64.Build.0 = Release|x64
		{1EE3BD8A-5EB3-46F3-8CD7-1029E78C2D4F}.ReceiveUdpFromOurself|x86.ActiveCfg = Release|x86
		{1EE3BD8A-5EB3-46F3-8CD7-1029E78C2D4F}.ReceiveUdpFromOurself|x86.Build.0 = Release|x86
		{1EE3BD8A-5EB3-46F3-8CD7-1029E78C2D4F}.Release|Any CPU.ActiveCfg = Release|Any CPU
		{1EE3BD8A-5EB3-46F3-8CD7-1029E78C2D4F}.Release|Any CPU.Build.0 = Release|Any CPU
		{1EE3BD8A-5EB3-46F3-8CD7-1029E78C2D4F}.Release|x64.ActiveCfg = Release|Any CPU
		{1EE3BD8A-5EB3-46F3-8CD7-1029E78C2D4F}.Release|x64.Build.0 = Release|Any CPU
		{1EE3BD8A-5EB3-46F3-8CD7-1029E78C2D4F}.Release|x86.ActiveCfg = Release|x86
		{1EE3BD8A-5EB3-46F3-8CD7-1029E78C2D4F}.Release|x86.Build.0 = Release|x86
		{7AC63864-7638-41C4-969C-D3197EF2BED9}.All|Any CPU.ActiveCfg = Release|Any CPU
		{7AC63864-7638-41C4-969C-D3197EF2BED9}.All|Any CPU.Build.0 = Release|Any CPU
		{7AC63864-7638-41C4-969C-D3197EF2BED9}.All|x64.ActiveCfg = Release|x64
		{7AC63864-7638-41C4-969C-D3197EF2BED9}.All|x64.Build.0 = Release|x64
		{7AC63864-7638-41C4-969C-D3197EF2BED9}.All|x86.ActiveCfg = Release|x86
		{7AC63864-7638-41C4-969C-D3197EF2BED9}.All|x86.Build.0 = Release|x86
		{7AC63864-7638-41C4-969C-D3197EF2BED9}.Debug|Any CPU.ActiveCfg = Debug|Any CPU
		{7AC63864-7638-41C4-969C-D3197EF2BED9}.Debug|Any CPU.Build.0 = Debug|Any CPU
		{7AC63864-7638-41C4-969C-D3197EF2BED9}.Debug|x64.ActiveCfg = Debug|x64
		{7AC63864-7638-41C4-969C-D3197EF2BED9}.Debug|x64.Build.0 = Debug|x64
		{7AC63864-7638-41C4-969C-D3197EF2BED9}.Debug|x86.ActiveCfg = Debug|x86
		{7AC63864-7638-41C4-969C-D3197EF2BED9}.Debug|x86.Build.0 = Debug|x86
		{7AC63864-7638-41C4-969C-D3197EF2BED9}.EnableDsDownloadFromCurrentPc|Any CPU.ActiveCfg = Debug|Any CPU
		{7AC63864-7638-41C4-969C-D3197EF2BED9}.EnableDsDownloadFromCurrentPc|Any CPU.Build.0 = Debug|Any CPU
		{7AC63864-7638-41C4-969C-D3197EF2BED9}.EnableDsDownloadFromCurrentPc|x64.ActiveCfg = Release|x64
		{7AC63864-7638-41C4-969C-D3197EF2BED9}.EnableDsDownloadFromCurrentPc|x64.Build.0 = Release|x64
		{7AC63864-7638-41C4-969C-D3197EF2BED9}.EnableDsDownloadFromCurrentPc|x86.ActiveCfg = Release|x86
		{7AC63864-7638-41C4-969C-D3197EF2BED9}.EnableDsDownloadFromCurrentPc|x86.Build.0 = Release|x86
		{7AC63864-7638-41C4-969C-D3197EF2BED9}.IntegrationTest|Any CPU.ActiveCfg = Release|Any CPU
		{7AC63864-7638-41C4-969C-D3197EF2BED9}.IntegrationTest|Any CPU.Build.0 = Release|Any CPU
		{7AC63864-7638-41C4-969C-D3197EF2BED9}.IntegrationTest|x64.ActiveCfg = Release|x64
		{7AC63864-7638-41C4-969C-D3197EF2BED9}.IntegrationTest|x64.Build.0 = Release|x64
		{7AC63864-7638-41C4-969C-D3197EF2BED9}.IntegrationTest|x86.ActiveCfg = Release|x86
		{7AC63864-7638-41C4-969C-D3197EF2BED9}.IntegrationTest|x86.Build.0 = Release|x86
		{7AC63864-7638-41C4-969C-D3197EF2BED9}.ReceiveUdpFromOurself|Any CPU.ActiveCfg = Debug|Any CPU
		{7AC63864-7638-41C4-969C-D3197EF2BED9}.ReceiveUdpFromOurself|Any CPU.Build.0 = Debug|Any CPU
		{7AC63864-7638-41C4-969C-D3197EF2BED9}.ReceiveUdpFromOurself|x64.ActiveCfg = Release|x64
		{7AC63864-7638-41C4-969C-D3197EF2BED9}.ReceiveUdpFromOurself|x64.Build.0 = Release|x64
		{7AC63864-7638-41C4-969C-D3197EF2BED9}.ReceiveUdpFromOurself|x86.ActiveCfg = Release|x86
		{7AC63864-7638-41C4-969C-D3197EF2BED9}.ReceiveUdpFromOurself|x86.Build.0 = Release|x86
		{7AC63864-7638-41C4-969C-D3197EF2BED9}.Release|Any CPU.ActiveCfg = Release|Any CPU
		{7AC63864-7638-41C4-969C-D3197EF2BED9}.Release|Any CPU.Build.0 = Release|Any CPU
		{7AC63864-7638-41C4-969C-D3197EF2BED9}.Release|x64.ActiveCfg = Release|Any CPU
		{7AC63864-7638-41C4-969C-D3197EF2BED9}.Release|x64.Build.0 = Release|Any CPU
		{7AC63864-7638-41C4-969C-D3197EF2BED9}.Release|x86.ActiveCfg = Release|x86
		{7AC63864-7638-41C4-969C-D3197EF2BED9}.Release|x86.Build.0 = Release|x86
		{4E2E5AF6-DA21-4FB9-8097-FE4963E98FC7}.All|Any CPU.ActiveCfg = Release|Any CPU
		{4E2E5AF6-DA21-4FB9-8097-FE4963E98FC7}.All|Any CPU.Build.0 = Release|Any CPU
		{4E2E5AF6-DA21-4FB9-8097-FE4963E98FC7}.All|x64.ActiveCfg = Release|x64
		{4E2E5AF6-DA21-4FB9-8097-FE4963E98FC7}.All|x64.Build.0 = Release|x64
		{4E2E5AF6-DA21-4FB9-8097-FE4963E98FC7}.All|x86.ActiveCfg = Release|x86
		{4E2E5AF6-DA21-4FB9-8097-FE4963E98FC7}.All|x86.Build.0 = Release|x86
		{4E2E5AF6-DA21-4FB9-8097-FE4963E98FC7}.Debug|Any CPU.ActiveCfg = Debug|Any CPU
		{4E2E5AF6-DA21-4FB9-8097-FE4963E98FC7}.Debug|Any CPU.Build.0 = Debug|Any CPU
		{4E2E5AF6-DA21-4FB9-8097-FE4963E98FC7}.Debug|x64.ActiveCfg = Debug|x64
		{4E2E5AF6-DA21-4FB9-8097-FE4963E98FC7}.Debug|x64.Build.0 = Debug|x64
		{4E2E5AF6-DA21-4FB9-8097-FE4963E98FC7}.Debug|x86.ActiveCfg = Debug|x86
		{4E2E5AF6-DA21-4FB9-8097-FE4963E98FC7}.Debug|x86.Build.0 = Debug|x86
		{4E2E5AF6-DA21-4FB9-8097-FE4963E98FC7}.EnableDsDownloadFromCurrentPc|Any CPU.ActiveCfg = Debug|Any CPU
		{4E2E5AF6-DA21-4FB9-8097-FE4963E98FC7}.EnableDsDownloadFromCurrentPc|Any CPU.Build.0 = Debug|Any CPU
		{4E2E5AF6-DA21-4FB9-8097-FE4963E98FC7}.EnableDsDownloadFromCurrentPc|x64.ActiveCfg = Release|x64
		{4E2E5AF6-DA21-4FB9-8097-FE4963E98FC7}.EnableDsDownloadFromCurrentPc|x64.Build.0 = Release|x64
		{4E2E5AF6-DA21-4FB9-8097-FE4963E98FC7}.EnableDsDownloadFromCurrentPc|x86.ActiveCfg = Release|x86
		{4E2E5AF6-DA21-4FB9-8097-FE4963E98FC7}.EnableDsDownloadFromCurrentPc|x86.Build.0 = Release|x86
		{4E2E5AF6-DA21-4FB9-8097-FE4963E98FC7}.IntegrationTest|Any CPU.ActiveCfg = Release|Any CPU
		{4E2E5AF6-DA21-4FB9-8097-FE4963E98FC7}.IntegrationTest|Any CPU.Build.0 = Release|Any CPU
		{4E2E5AF6-DA21-4FB9-8097-FE4963E98FC7}.IntegrationTest|x64.ActiveCfg = Release|x64
		{4E2E5AF6-DA21-4FB9-8097-FE4963E98FC7}.IntegrationTest|x64.Build.0 = Release|x64
		{4E2E5AF6-DA21-4FB9-8097-FE4963E98FC7}.IntegrationTest|x86.ActiveCfg = Release|x86
		{4E2E5AF6-DA21-4FB9-8097-FE4963E98FC7}.IntegrationTest|x86.Build.0 = Release|x86
		{4E2E5AF6-DA21-4FB9-8097-FE4963E98FC7}.ReceiveUdpFromOurself|Any CPU.ActiveCfg = Debug|Any CPU
		{4E2E5AF6-DA21-4FB9-8097-FE4963E98FC7}.ReceiveUdpFromOurself|Any CPU.Build.0 = Debug|Any CPU
		{4E2E5AF6-DA21-4FB9-8097-FE4963E98FC7}.ReceiveUdpFromOurself|x64.ActiveCfg = Release|x64
		{4E2E5AF6-DA21-4FB9-8097-FE4963E98FC7}.ReceiveUdpFromOurself|x64.Build.0 = Release|x64
		{4E2E5AF6-DA21-4FB9-8097-FE4963E98FC7}.ReceiveUdpFromOurself|x86.ActiveCfg = Release|x86
		{4E2E5AF6-DA21-4FB9-8097-FE4963E98FC7}.ReceiveUdpFromOurself|x86.Build.0 = Release|x86
		{4E2E5AF6-DA21-4FB9-8097-FE4963E98FC7}.Release|Any CPU.ActiveCfg = Release|Any CPU
		{4E2E5AF6-DA21-4FB9-8097-FE4963E98FC7}.Release|Any CPU.Build.0 = Release|Any CPU
		{4E2E5AF6-DA21-4FB9-8097-FE4963E98FC7}.Release|x64.ActiveCfg = Release|Any CPU
		{4E2E5AF6-DA21-4FB9-8097-FE4963E98FC7}.Release|x64.Build.0 = Release|Any CPU
		{4E2E5AF6-DA21-4FB9-8097-FE4963E98FC7}.Release|x86.ActiveCfg = Release|x86
		{4E2E5AF6-DA21-4FB9-8097-FE4963E98FC7}.Release|x86.Build.0 = Release|x86
		{9AAD2E10-E7F2-4ED3-BE94-F34BFF24D396}.All|Any CPU.ActiveCfg = Release|Any CPU
		{9AAD2E10-E7F2-4ED3-BE94-F34BFF24D396}.All|Any CPU.Build.0 = Release|Any CPU
		{9AAD2E10-E7F2-4ED3-BE94-F34BFF24D396}.All|x64.ActiveCfg = Release|x64
		{9AAD2E10-E7F2-4ED3-BE94-F34BFF24D396}.All|x64.Build.0 = Release|x64
		{9AAD2E10-E7F2-4ED3-BE94-F34BFF24D396}.All|x86.ActiveCfg = Release|x86
		{9AAD2E10-E7F2-4ED3-BE94-F34BFF24D396}.All|x86.Build.0 = Release|x86
		{9AAD2E10-E7F2-4ED3-BE94-F34BFF24D396}.Debug|Any CPU.ActiveCfg = Debug|Any CPU
		{9AAD2E10-E7F2-4ED3-BE94-F34BFF24D396}.Debug|Any CPU.Build.0 = Debug|Any CPU
		{9AAD2E10-E7F2-4ED3-BE94-F34BFF24D396}.Debug|x64.ActiveCfg = Debug|x64
		{9AAD2E10-E7F2-4ED3-BE94-F34BFF24D396}.Debug|x64.Build.0 = Debug|x64
		{9AAD2E10-E7F2-4ED3-BE94-F34BFF24D396}.Debug|x86.ActiveCfg = Debug|x86
		{9AAD2E10-E7F2-4ED3-BE94-F34BFF24D396}.Debug|x86.Build.0 = Debug|x86
		{9AAD2E10-E7F2-4ED3-BE94-F34BFF24D396}.EnableDsDownloadFromCurrentPc|Any CPU.ActiveCfg = Debug|Any CPU
		{9AAD2E10-E7F2-4ED3-BE94-F34BFF24D396}.EnableDsDownloadFromCurrentPc|Any CPU.Build.0 = Debug|Any CPU
		{9AAD2E10-E7F2-4ED3-BE94-F34BFF24D396}.EnableDsDownloadFromCurrentPc|x64.ActiveCfg = Release|x64
		{9AAD2E10-E7F2-4ED3-BE94-F34BFF24D396}.EnableDsDownloadFromCurrentPc|x64.Build.0 = Release|x64
		{9AAD2E10-E7F2-4ED3-BE94-F34BFF24D396}.EnableDsDownloadFromCurrentPc|x86.ActiveCfg = Release|x86
		{9AAD2E10-E7F2-4ED3-BE94-F34BFF24D396}.EnableDsDownloadFromCurrentPc|x86.Build.0 = Release|x86
		{9AAD2E10-E7F2-4ED3-BE94-F34BFF24D396}.IntegrationTest|Any CPU.ActiveCfg = Release|Any CPU
		{9AAD2E10-E7F2-4ED3-BE94-F34BFF24D396}.IntegrationTest|Any CPU.Build.0 = Release|Any CPU
		{9AAD2E10-E7F2-4ED3-BE94-F34BFF24D396}.IntegrationTest|x64.ActiveCfg = Release|x64
		{9AAD2E10-E7F2-4ED3-BE94-F34BFF24D396}.IntegrationTest|x64.Build.0 = Release|x64
		{9AAD2E10-E7F2-4ED3-BE94-F34BFF24D396}.IntegrationTest|x86.ActiveCfg = Release|x86
		{9AAD2E10-E7F2-4ED3-BE94-F34BFF24D396}.IntegrationTest|x86.Build.0 = Release|x86
		{9AAD2E10-E7F2-4ED3-BE94-F34BFF24D396}.ReceiveUdpFromOurself|Any CPU.ActiveCfg = Debug|Any CPU
		{9AAD2E10-E7F2-4ED3-BE94-F34BFF24D396}.ReceiveUdpFromOurself|Any CPU.Build.0 = Debug|Any CPU
		{9AAD2E10-E7F2-4ED3-BE94-F34BFF24D396}.ReceiveUdpFromOurself|x64.ActiveCfg = Release|x64
		{9AAD2E10-E7F2-4ED3-BE94-F34BFF24D396}.ReceiveUdpFromOurself|x64.Build.0 = Release|x64
		{9AAD2E10-E7F2-4ED3-BE94-F34BFF24D396}.ReceiveUdpFromOurself|x86.ActiveCfg = Release|x86
		{9AAD2E10-E7F2-4ED3-BE94-F34BFF24D396}.ReceiveUdpFromOurself|x86.Build.0 = Release|x86
		{9AAD2E10-E7F2-4ED3-BE94-F34BFF24D396}.Release|Any CPU.ActiveCfg = Release|Any CPU
		{9AAD2E10-E7F2-4ED3-BE94-F34BFF24D396}.Release|Any CPU.Build.0 = Release|Any CPU
		{9AAD2E10-E7F2-4ED3-BE94-F34BFF24D396}.Release|x64.ActiveCfg = Release|Any CPU
		{9AAD2E10-E7F2-4ED3-BE94-F34BFF24D396}.Release|x64.Build.0 = Release|Any CPU
		{9AAD2E10-E7F2-4ED3-BE94-F34BFF24D396}.Release|x86.ActiveCfg = Release|x86
		{9AAD2E10-E7F2-4ED3-BE94-F34BFF24D396}.Release|x86.Build.0 = Release|x86
		{CAE2EAD2-8DC6-4BB6-842F-7C8DB7068339}.All|Any CPU.ActiveCfg = Release|Any CPU
		{CAE2EAD2-8DC6-4BB6-842F-7C8DB7068339}.All|Any CPU.Build.0 = Release|Any CPU
		{CAE2EAD2-8DC6-4BB6-842F-7C8DB7068339}.All|x64.ActiveCfg = Release|x64
		{CAE2EAD2-8DC6-4BB6-842F-7C8DB7068339}.All|x64.Build.0 = Release|x64
		{CAE2EAD2-8DC6-4BB6-842F-7C8DB7068339}.All|x86.ActiveCfg = Release|x86
		{CAE2EAD2-8DC6-4BB6-842F-7C8DB7068339}.All|x86.Build.0 = Release|x86
		{CAE2EAD2-8DC6-4BB6-842F-7C8DB7068339}.Debug|Any CPU.ActiveCfg = Debug|Any CPU
		{CAE2EAD2-8DC6-4BB6-842F-7C8DB7068339}.Debug|Any CPU.Build.0 = Debug|Any CPU
		{CAE2EAD2-8DC6-4BB6-842F-7C8DB7068339}.Debug|x64.ActiveCfg = Debug|x64
		{CAE2EAD2-8DC6-4BB6-842F-7C8DB7068339}.Debug|x64.Build.0 = Debug|x64
		{CAE2EAD2-8DC6-4BB6-842F-7C8DB7068339}.Debug|x86.ActiveCfg = Debug|x86
		{CAE2EAD2-8DC6-4BB6-842F-7C8DB7068339}.Debug|x86.Build.0 = Debug|x86
		{CAE2EAD2-8DC6-4BB6-842F-7C8DB7068339}.EnableDsDownloadFromCurrentPc|Any CPU.ActiveCfg = Debug|Any CPU
		{CAE2EAD2-8DC6-4BB6-842F-7C8DB7068339}.EnableDsDownloadFromCurrentPc|Any CPU.Build.0 = Debug|Any CPU
		{CAE2EAD2-8DC6-4BB6-842F-7C8DB7068339}.EnableDsDownloadFromCurrentPc|x64.ActiveCfg = Release|x64
		{CAE2EAD2-8DC6-4BB6-842F-7C8DB7068339}.EnableDsDownloadFromCurrentPc|x64.Build.0 = Release|x64
		{CAE2EAD2-8DC6-4BB6-842F-7C8DB7068339}.EnableDsDownloadFromCurrentPc|x86.ActiveCfg = Release|x86
		{CAE2EAD2-8DC6-4BB6-842F-7C8DB7068339}.EnableDsDownloadFromCurrentPc|x86.Build.0 = Release|x86
		{CAE2EAD2-8DC6-4BB6-842F-7C8DB7068339}.IntegrationTest|Any CPU.ActiveCfg = Release|Any CPU
		{CAE2EAD2-8DC6-4BB6-842F-7C8DB7068339}.IntegrationTest|Any CPU.Build.0 = Release|Any CPU
		{CAE2EAD2-8DC6-4BB6-842F-7C8DB7068339}.IntegrationTest|x64.ActiveCfg = Release|x64
		{CAE2EAD2-8DC6-4BB6-842F-7C8DB7068339}.IntegrationTest|x64.Build.0 = Release|x64
		{CAE2EAD2-8DC6-4BB6-842F-7C8DB7068339}.IntegrationTest|x86.ActiveCfg = Release|x86
		{CAE2EAD2-8DC6-4BB6-842F-7C8DB7068339}.IntegrationTest|x86.Build.0 = Release|x86
		{CAE2EAD2-8DC6-4BB6-842F-7C8DB7068339}.ReceiveUdpFromOurself|Any CPU.ActiveCfg = Debug|Any CPU
		{CAE2EAD2-8DC6-4BB6-842F-7C8DB7068339}.ReceiveUdpFromOurself|Any CPU.Build.0 = Debug|Any CPU
		{CAE2EAD2-8DC6-4BB6-842F-7C8DB7068339}.ReceiveUdpFromOurself|x64.ActiveCfg = Release|x64
		{CAE2EAD2-8DC6-4BB6-842F-7C8DB7068339}.ReceiveUdpFromOurself|x64.Build.0 = Release|x64
		{CAE2EAD2-8DC6-4BB6-842F-7C8DB7068339}.ReceiveUdpFromOurself|x86.ActiveCfg = Release|x86
		{CAE2EAD2-8DC6-4BB6-842F-7C8DB7068339}.ReceiveUdpFromOurself|x86.Build.0 = Release|x86
		{CAE2EAD2-8DC6-4BB6-842F-7C8DB7068339}.Release|Any CPU.ActiveCfg = Release|Any CPU
		{CAE2EAD2-8DC6-4BB6-842F-7C8DB7068339}.Release|Any CPU.Build.0 = Release|Any CPU
		{CAE2EAD2-8DC6-4BB6-842F-7C8DB7068339}.Release|x64.ActiveCfg = Release|Any CPU
		{CAE2EAD2-8DC6-4BB6-842F-7C8DB7068339}.Release|x64.Build.0 = Release|Any CPU
		{CAE2EAD2-8DC6-4BB6-842F-7C8DB7068339}.Release|x86.ActiveCfg = Release|x86
		{CAE2EAD2-8DC6-4BB6-842F-7C8DB7068339}.Release|x86.Build.0 = Release|x86
		{0F5F0967-F62A-4099-A6D7-2687CBA9E4DF}.All|Any CPU.ActiveCfg = Release|Any CPU
		{0F5F0967-F62A-4099-A6D7-2687CBA9E4DF}.All|Any CPU.Build.0 = Release|Any CPU
		{0F5F0967-F62A-4099-A6D7-2687CBA9E4DF}.All|x64.ActiveCfg = Release|x64
		{0F5F0967-F62A-4099-A6D7-2687CBA9E4DF}.All|x64.Build.0 = Release|x64
		{0F5F0967-F62A-4099-A6D7-2687CBA9E4DF}.All|x86.ActiveCfg = Release|x86
		{0F5F0967-F62A-4099-A6D7-2687CBA9E4DF}.All|x86.Build.0 = Release|x86
		{0F5F0967-F62A-4099-A6D7-2687CBA9E4DF}.Debug|Any CPU.ActiveCfg = Debug|Any CPU
		{0F5F0967-F62A-4099-A6D7-2687CBA9E4DF}.Debug|Any CPU.Build.0 = Debug|Any CPU
		{0F5F0967-F62A-4099-A6D7-2687CBA9E4DF}.Debug|x64.ActiveCfg = Debug|x64
		{0F5F0967-F62A-4099-A6D7-2687CBA9E4DF}.Debug|x64.Build.0 = Debug|x64
		{0F5F0967-F62A-4099-A6D7-2687CBA9E4DF}.Debug|x86.ActiveCfg = Debug|x86
		{0F5F0967-F62A-4099-A6D7-2687CBA9E4DF}.Debug|x86.Build.0 = Debug|x86
		{0F5F0967-F62A-4099-A6D7-2687CBA9E4DF}.EnableDsDownloadFromCurrentPc|Any CPU.ActiveCfg = Debug|Any CPU
		{0F5F0967-F62A-4099-A6D7-2687CBA9E4DF}.EnableDsDownloadFromCurrentPc|Any CPU.Build.0 = Debug|Any CPU
		{0F5F0967-F62A-4099-A6D7-2687CBA9E4DF}.EnableDsDownloadFromCurrentPc|x64.ActiveCfg = Release|x64
		{0F5F0967-F62A-4099-A6D7-2687CBA9E4DF}.EnableDsDownloadFromCurrentPc|x64.Build.0 = Release|x64
		{0F5F0967-F62A-4099-A6D7-2687CBA9E4DF}.EnableDsDownloadFromCurrentPc|x86.ActiveCfg = Release|x86
		{0F5F0967-F62A-4099-A6D7-2687CBA9E4DF}.EnableDsDownloadFromCurrentPc|x86.Build.0 = Release|x86
		{0F5F0967-F62A-4099-A6D7-2687CBA9E4DF}.IntegrationTest|Any CPU.ActiveCfg = Release|Any CPU
		{0F5F0967-F62A-4099-A6D7-2687CBA9E4DF}.IntegrationTest|Any CPU.Build.0 = Release|Any CPU
		{0F5F0967-F62A-4099-A6D7-2687CBA9E4DF}.IntegrationTest|x64.ActiveCfg = Release|x64
		{0F5F0967-F62A-4099-A6D7-2687CBA9E4DF}.IntegrationTest|x64.Build.0 = Release|x64
		{0F5F0967-F62A-4099-A6D7-2687CBA9E4DF}.IntegrationTest|x86.ActiveCfg = Release|x86
		{0F5F0967-F62A-4099-A6D7-2687CBA9E4DF}.IntegrationTest|x86.Build.0 = Release|x86
		{0F5F0967-F62A-4099-A6D7-2687CBA9E4DF}.ReceiveUdpFromOurself|Any CPU.ActiveCfg = Debug|Any CPU
		{0F5F0967-F62A-4099-A6D7-2687CBA9E4DF}.ReceiveUdpFromOurself|Any CPU.Build.0 = Debug|Any CPU
		{0F5F0967-F62A-4099-A6D7-2687CBA9E4DF}.ReceiveUdpFromOurself|x64.ActiveCfg = Release|x64
		{0F5F0967-F62A-4099-A6D7-2687CBA9E4DF}.ReceiveUdpFromOurself|x64.Build.0 = Release|x64
		{0F5F0967-F62A-4099-A6D7-2687CBA9E4DF}.ReceiveUdpFromOurself|x86.ActiveCfg = Release|x86
		{0F5F0967-F62A-4099-A6D7-2687CBA9E4DF}.ReceiveUdpFromOurself|x86.Build.0 = Release|x86
		{0F5F0967-F62A-4099-A6D7-2687CBA9E4DF}.Release|Any CPU.ActiveCfg = Release|Any CPU
		{0F5F0967-F62A-4099-A6D7-2687CBA9E4DF}.Release|Any CPU.Build.0 = Release|Any CPU
		{0F5F0967-F62A-4099-A6D7-2687CBA9E4DF}.Release|x64.ActiveCfg = Release|Any CPU
		{0F5F0967-F62A-4099-A6D7-2687CBA9E4DF}.Release|x64.Build.0 = Release|Any CPU
		{0F5F0967-F62A-4099-A6D7-2687CBA9E4DF}.Release|x86.ActiveCfg = Release|x86
		{0F5F0967-F62A-4099-A6D7-2687CBA9E4DF}.Release|x86.Build.0 = Release|x86
		{9DAF9AC8-C899-4D34-A5F8-8850FA45F26E}.All|Any CPU.ActiveCfg = Release|Any CPU
		{9DAF9AC8-C899-4D34-A5F8-8850FA45F26E}.All|Any CPU.Build.0 = Release|Any CPU
		{9DAF9AC8-C899-4D34-A5F8-8850FA45F26E}.All|x64.ActiveCfg = Release|x64
		{9DAF9AC8-C899-4D34-A5F8-8850FA45F26E}.All|x64.Build.0 = Release|x64
		{9DAF9AC8-C899-4D34-A5F8-8850FA45F26E}.All|x86.ActiveCfg = Release|x86
		{9DAF9AC8-C899-4D34-A5F8-8850FA45F26E}.All|x86.Build.0 = Release|x86
		{9DAF9AC8-C899-4D34-A5F8-8850FA45F26E}.Debug|Any CPU.ActiveCfg = Debug|Any CPU
		{9DAF9AC8-C899-4D34-A5F8-8850FA45F26E}.Debug|Any CPU.Build.0 = Debug|Any CPU
		{9DAF9AC8-C899-4D34-A5F8-8850FA45F26E}.Debug|x64.ActiveCfg = Debug|x64
		{9DAF9AC8-C899-4D34-A5F8-8850FA45F26E}.Debug|x64.Build.0 = Debug|x64
		{9DAF9AC8-C899-4D34-A5F8-8850FA45F26E}.Debug|x86.ActiveCfg = Debug|x86
		{9DAF9AC8-C899-4D34-A5F8-8850FA45F26E}.Debug|x86.Build.0 = Debug|x86
		{9DAF9AC8-C899-4D34-A5F8-8850FA45F26E}.EnableDsDownloadFromCurrentPc|Any CPU.ActiveCfg = EnableDsDownloadFromCurrentPc|Any CPU
		{9DAF9AC8-C899-4D34-A5F8-8850FA45F26E}.EnableDsDownloadFromCurrentPc|Any CPU.Build.0 = EnableDsDownloadFromCurrentPc|Any CPU
		{9DAF9AC8-C899-4D34-A5F8-8850FA45F26E}.EnableDsDownloadFromCurrentPc|x64.ActiveCfg = EnableDsDownloadFromCurrentPc|x64
		{9DAF9AC8-C899-4D34-A5F8-8850FA45F26E}.EnableDsDownloadFromCurrentPc|x64.Build.0 = EnableDsDownloadFromCurrentPc|x64
		{9DAF9AC8-C899-4D34-A5F8-8850FA45F26E}.EnableDsDownloadFromCurrentPc|x86.ActiveCfg = EnableDsDownloadFromCurrentPc|x86
		{9DAF9AC8-C899-4D34-A5F8-8850FA45F26E}.EnableDsDownloadFromCurrentPc|x86.Build.0 = EnableDsDownloadFromCurrentPc|x86
		{9DAF9AC8-C899-4D34-A5F8-8850FA45F26E}.IntegrationTest|Any CPU.ActiveCfg = IntegrationTest|Any CPU
		{9DAF9AC8-C899-4D34-A5F8-8850FA45F26E}.IntegrationTest|Any CPU.Build.0 = IntegrationTest|Any CPU
		{9DAF9AC8-C899-4D34-A5F8-8850FA45F26E}.IntegrationTest|x64.ActiveCfg = IntegrationTest|x64
		{9DAF9AC8-C899-4D34-A5F8-8850FA45F26E}.IntegrationTest|x64.Build.0 = IntegrationTest|x64
		{9DAF9AC8-C899-4D34-A5F8-8850FA45F26E}.IntegrationTest|x86.ActiveCfg = IntegrationTest|x86
		{9DAF9AC8-C899-4D34-A5F8-8850FA45F26E}.IntegrationTest|x86.Build.0 = IntegrationTest|x86
		{9DAF9AC8-C899-4D34-A5F8-8850FA45F26E}.ReceiveUdpFromOurself|Any CPU.ActiveCfg = ReceiveUdpFromOurself|Any CPU
		{9DAF9AC8-C899-4D34-A5F8-8850FA45F26E}.ReceiveUdpFromOurself|Any CPU.Build.0 = ReceiveUdpFromOurself|Any CPU
		{9DAF9AC8-C899-4D34-A5F8-8850FA45F26E}.ReceiveUdpFromOurself|x64.ActiveCfg = ReceiveUdpFromOurself|x64
		{9DAF9AC8-C899-4D34-A5F8-8850FA45F26E}.ReceiveUdpFromOurself|x64.Build.0 = ReceiveUdpFromOurself|x64
		{9DAF9AC8-C899-4D34-A5F8-8850FA45F26E}.ReceiveUdpFromOurself|x86.ActiveCfg = ReceiveUdpFromOurself|x86
		{9DAF9AC8-C899-4D34-A5F8-8850FA45F26E}.ReceiveUdpFromOurself|x86.Build.0 = ReceiveUdpFromOurself|x86
		{9DAF9AC8-C899-4D34-A5F8-8850FA45F26E}.Release|Any CPU.ActiveCfg = Release|Any CPU
		{9DAF9AC8-C899-4D34-A5F8-8850FA45F26E}.Release|Any CPU.Build.0 = Release|Any CPU
		{9DAF9AC8-C899-4D34-A5F8-8850FA45F26E}.Release|x64.ActiveCfg = Release|x64
		{9DAF9AC8-C899-4D34-A5F8-8850FA45F26E}.Release|x64.Build.0 = Release|x64
		{9DAF9AC8-C899-4D34-A5F8-8850FA45F26E}.Release|x86.ActiveCfg = Release|x86
		{9DAF9AC8-C899-4D34-A5F8-8850FA45F26E}.Release|x86.Build.0 = Release|x86
		{499678CE-EE00-451C-A931-4CD4741184EC}.All|Any CPU.ActiveCfg = Release|Any CPU
		{499678CE-EE00-451C-A931-4CD4741184EC}.All|Any CPU.Build.0 = Release|Any CPU
		{499678CE-EE00-451C-A931-4CD4741184EC}.All|x64.ActiveCfg = Release|x64
		{499678CE-EE00-451C-A931-4CD4741184EC}.All|x64.Build.0 = Release|x64
		{499678CE-EE00-451C-A931-4CD4741184EC}.All|x86.ActiveCfg = Release|x86
		{499678CE-EE00-451C-A931-4CD4741184EC}.All|x86.Build.0 = Release|x86
		{499678CE-EE00-451C-A931-4CD4741184EC}.Debug|Any CPU.ActiveCfg = Debug|Any CPU
		{499678CE-EE00-451C-A931-4CD4741184EC}.Debug|Any CPU.Build.0 = Debug|Any CPU
		{499678CE-EE00-451C-A931-4CD4741184EC}.Debug|x64.ActiveCfg = Debug|x64
		{499678CE-EE00-451C-A931-4CD4741184EC}.Debug|x64.Build.0 = Debug|x64
		{499678CE-EE00-451C-A931-4CD4741184EC}.Debug|x86.ActiveCfg = Debug|x86
		{499678CE-EE00-451C-A931-4CD4741184EC}.Debug|x86.Build.0 = Debug|x86
		{499678CE-EE00-451C-A931-4CD4741184EC}.EnableDsDownloadFromCurrentPc|Any CPU.ActiveCfg = Debug|Any CPU
		{499678CE-EE00-451C-A931-4CD4741184EC}.EnableDsDownloadFromCurrentPc|Any CPU.Build.0 = Debug|Any CPU
		{499678CE-EE00-451C-A931-4CD4741184EC}.EnableDsDownloadFromCurrentPc|x64.ActiveCfg = Debug|x64
		{499678CE-EE00-451C-A931-4CD4741184EC}.EnableDsDownloadFromCurrentPc|x64.Build.0 = Debug|x64
		{499678CE-EE00-451C-A931-4CD4741184EC}.EnableDsDownloadFromCurrentPc|x86.ActiveCfg = Debug|x86
		{499678CE-EE00-451C-A931-4CD4741184EC}.EnableDsDownloadFromCurrentPc|x86.Build.0 = Debug|x86
		{499678CE-EE00-451C-A931-4CD4741184EC}.IntegrationTest|Any CPU.ActiveCfg = Debug|Any CPU
		{499678CE-EE00-451C-A931-4CD4741184EC}.IntegrationTest|Any CPU.Build.0 = Debug|Any CPU
		{499678CE-EE00-451C-A931-4CD4741184EC}.IntegrationTest|x64.ActiveCfg = Debug|x64
		{499678CE-EE00-451C-A931-4CD4741184EC}.IntegrationTest|x64.Build.0 = Debug|x64
		{499678CE-EE00-451C-A931-4CD4741184EC}.IntegrationTest|x86.ActiveCfg = Debug|x86
		{499678CE-EE00-451C-A931-4CD4741184EC}.IntegrationTest|x86.Build.0 = Debug|x86
		{499678CE-EE00-451C-A931-4CD4741184EC}.ReceiveUdpFromOurself|Any CPU.ActiveCfg = Debug|Any CPU
		{499678CE-EE00-451C-A931-4CD4741184EC}.ReceiveUdpFromOurself|Any CPU.Build.0 = Debug|Any CPU
		{499678CE-EE00-451C-A931-4CD4741184EC}.ReceiveUdpFromOurself|x64.ActiveCfg = Release|x64
		{499678CE-EE00-451C-A931-4CD4741184EC}.ReceiveUdpFromOurself|x64.Build.0 = Release|x64
		{499678CE-EE00-451C-A931-4CD4741184EC}.ReceiveUdpFromOurself|x86.ActiveCfg = Release|x86
		{499678CE-EE00-451C-A931-4CD4741184EC}.ReceiveUdpFromOurself|x86.Build.0 = Release|x86
		{499678CE-EE00-451C-A931-4CD4741184EC}.Release|Any CPU.ActiveCfg = Release|Any CPU
		{499678CE-EE00-451C-A931-4CD4741184EC}.Release|Any CPU.Build.0 = Release|Any CPU
		{499678CE-EE00-451C-A931-4CD4741184EC}.Release|x64.ActiveCfg = Release|x64
		{499678CE-EE00-451C-A931-4CD4741184EC}.Release|x64.Build.0 = Release|x64
		{499678CE-EE00-451C-A931-4CD4741184EC}.Release|x86.ActiveCfg = Release|x86
		{499678CE-EE00-451C-A931-4CD4741184EC}.Release|x86.Build.0 = Release|x86
		{454C1F48-1D17-4080-BE99-C18D08D1EAA4}.All|Any CPU.ActiveCfg = Debug|Any CPU
		{454C1F48-1D17-4080-BE99-C18D08D1EAA4}.All|Any CPU.Build.0 = Debug|Any CPU
		{454C1F48-1D17-4080-BE99-C18D08D1EAA4}.All|x64.ActiveCfg = Debug|x64
		{454C1F48-1D17-4080-BE99-C18D08D1EAA4}.All|x64.Build.0 = Debug|x64
		{454C1F48-1D17-4080-BE99-C18D08D1EAA4}.All|x86.ActiveCfg = Debug|x86
		{454C1F48-1D17-4080-BE99-C18D08D1EAA4}.All|x86.Build.0 = Debug|x86
		{454C1F48-1D17-4080-BE99-C18D08D1EAA4}.Debug|Any CPU.ActiveCfg = Debug|Any CPU
		{454C1F48-1D17-4080-BE99-C18D08D1EAA4}.Debug|Any CPU.Build.0 = Debug|Any CPU
		{454C1F48-1D17-4080-BE99-C18D08D1EAA4}.Debug|x64.ActiveCfg = Debug|x64
		{454C1F48-1D17-4080-BE99-C18D08D1EAA4}.Debug|x64.Build.0 = Debug|x64
		{454C1F48-1D17-4080-BE99-C18D08D1EAA4}.Debug|x86.ActiveCfg = Debug|x86
		{454C1F48-1D17-4080-BE99-C18D08D1EAA4}.Debug|x86.Build.0 = Debug|x86
		{454C1F48-1D17-4080-BE99-C18D08D1EAA4}.EnableDsDownloadFromCurrentPc|Any CPU.ActiveCfg = Debug|Any CPU
		{454C1F48-1D17-4080-BE99-C18D08D1EAA4}.EnableDsDownloadFromCurrentPc|Any CPU.Build.0 = Debug|Any CPU
		{454C1F48-1D17-4080-BE99-C18D08D1EAA4}.EnableDsDownloadFromCurrentPc|x64.ActiveCfg = Debug|x64
		{454C1F48-1D17-4080-BE99-C18D08D1EAA4}.EnableDsDownloadFromCurrentPc|x64.Build.0 = Debug|x64
		{454C1F48-1D17-4080-BE99-C18D08D1EAA4}.EnableDsDownloadFromCurrentPc|x86.ActiveCfg = Debug|x86
		{454C1F48-1D17-4080-BE99-C18D08D1EAA4}.EnableDsDownloadFromCurrentPc|x86.Build.0 = Debug|x86
		{454C1F48-1D17-4080-BE99-C18D08D1EAA4}.IntegrationTest|Any CPU.ActiveCfg = Debug|Any CPU
		{454C1F48-1D17-4080-BE99-C18D08D1EAA4}.IntegrationTest|Any CPU.Build.0 = Debug|Any CPU
		{454C1F48-1D17-4080-BE99-C18D08D1EAA4}.IntegrationTest|x64.ActiveCfg = Debug|x64
		{454C1F48-1D17-4080-BE99-C18D08D1EAA4}.IntegrationTest|x64.Build.0 = Debug|x64
		{454C1F48-1D17-4080-BE99-C18D08D1EAA4}.IntegrationTest|x86.ActiveCfg = Debug|x86
		{454C1F48-1D17-4080-BE99-C18D08D1EAA4}.IntegrationTest|x86.Build.0 = Debug|x86
		{454C1F48-1D17-4080-BE99-C18D08D1EAA4}.ReceiveUdpFromOurself|Any CPU.ActiveCfg = ReceiveUdpFromOurself|Any CPU
		{454C1F48-1D17-4080-BE99-C18D08D1EAA4}.ReceiveUdpFromOurself|Any CPU.Build.0 = ReceiveUdpFromOurself|Any CPU
		{454C1F48-1D17-4080-BE99-C18D08D1EAA4}.ReceiveUdpFromOurself|x64.ActiveCfg = ReceiveUdpFromOurself|x64
		{454C1F48-1D17-4080-BE99-C18D08D1EAA4}.ReceiveUdpFromOurself|x64.Build.0 = ReceiveUdpFromOurself|x64
		{454C1F48-1D17-4080-BE99-C18D08D1EAA4}.ReceiveUdpFromOurself|x86.ActiveCfg = ReceiveUdpFromOurself|x86
		{454C1F48-1D17-4080-BE99-C18D08D1EAA4}.ReceiveUdpFromOurself|x86.Build.0 = ReceiveUdpFromOurself|x86
		{454C1F48-1D17-4080-BE99-C18D08D1EAA4}.Release|Any CPU.ActiveCfg = Release|Any CPU
		{454C1F48-1D17-4080-BE99-C18D08D1EAA4}.Release|Any CPU.Build.0 = Release|Any CPU
		{454C1F48-1D17-4080-BE99-C18D08D1EAA4}.Release|x64.ActiveCfg = Release|x64
		{454C1F48-1D17-4080-BE99-C18D08D1EAA4}.Release|x64.Build.0 = Release|x64
		{454C1F48-1D17-4080-BE99-C18D08D1EAA4}.Release|x86.ActiveCfg = Release|x86
		{454C1F48-1D17-4080-BE99-C18D08D1EAA4}.Release|x86.Build.0 = Release|x86
		{0C8B6B6F-C6AD-4BBF-BCF9-D60B6286C763}.All|Any CPU.ActiveCfg = Debug|Any CPU
		{0C8B6B6F-C6AD-4BBF-BCF9-D60B6286C763}.All|Any CPU.Build.0 = Debug|Any CPU
		{0C8B6B6F-C6AD-4BBF-BCF9-D60B6286C763}.All|x64.ActiveCfg = Debug|x64
		{0C8B6B6F-C6AD-4BBF-BCF9-D60B6286C763}.All|x64.Build.0 = Debug|x64
		{0C8B6B6F-C6AD-4BBF-BCF9-D60B6286C763}.All|x86.ActiveCfg = Debug|x86
		{0C8B6B6F-C6AD-4BBF-BCF9-D60B6286C763}.All|x86.Build.0 = Debug|x86
		{0C8B6B6F-C6AD-4BBF-BCF9-D60B6286C763}.Debug|Any CPU.ActiveCfg = Debug|Any CPU
		{0C8B6B6F-C6AD-4BBF-BCF9-D60B6286C763}.Debug|Any CPU.Build.0 = Debug|Any CPU
		{0C8B6B6F-C6AD-4BBF-BCF9-D60B6286C763}.Debug|x64.ActiveCfg = Debug|x64
		{0C8B6B6F-C6AD-4BBF-BCF9-D60B6286C763}.Debug|x64.Build.0 = Debug|x64
		{0C8B6B6F-C6AD-4BBF-BCF9-D60B6286C763}.Debug|x86.ActiveCfg = Debug|x86
		{0C8B6B6F-C6AD-4BBF-BCF9-D60B6286C763}.Debug|x86.Build.0 = Debug|x86
		{0C8B6B6F-C6AD-4BBF-BCF9-D60B6286C763}.EnableDsDownloadFromCurrentPc|Any CPU.ActiveCfg = Debug|Any CPU
		{0C8B6B6F-C6AD-4BBF-BCF9-D60B6286C763}.EnableDsDownloadFromCurrentPc|Any CPU.Build.0 = Debug|Any CPU
		{0C8B6B6F-C6AD-4BBF-BCF9-D60B6286C763}.EnableDsDownloadFromCurrentPc|x64.ActiveCfg = Debug|x64
		{0C8B6B6F-C6AD-4BBF-BCF9-D60B6286C763}.EnableDsDownloadFromCurrentPc|x64.Build.0 = Debug|x64
		{0C8B6B6F-C6AD-4BBF-BCF9-D60B6286C763}.EnableDsDownloadFromCurrentPc|x86.ActiveCfg = Debug|x86
		{0C8B6B6F-C6AD-4BBF-BCF9-D60B6286C763}.EnableDsDownloadFromCurrentPc|x86.Build.0 = Debug|x86
		{0C8B6B6F-C6AD-4BBF-BCF9-D60B6286C763}.IntegrationTest|Any CPU.ActiveCfg = Debug|Any CPU
		{0C8B6B6F-C6AD-4BBF-BCF9-D60B6286C763}.IntegrationTest|Any CPU.Build.0 = Debug|Any CPU
		{0C8B6B6F-C6AD-4BBF-BCF9-D60B6286C763}.IntegrationTest|x64.ActiveCfg = Debug|x64
		{0C8B6B6F-C6AD-4BBF-BCF9-D60B6286C763}.IntegrationTest|x64.Build.0 = Debug|x64
		{0C8B6B6F-C6AD-4BBF-BCF9-D60B6286C763}.IntegrationTest|x86.ActiveCfg = Debug|x86
		{0C8B6B6F-C6AD-4BBF-BCF9-D60B6286C763}.IntegrationTest|x86.Build.0 = Debug|x86
		{0C8B6B6F-C6AD-4BBF-BCF9-D60B6286C763}.ReceiveUdpFromOurself|Any CPU.ActiveCfg = Release|Any CPU
		{0C8B6B6F-C6AD-4BBF-BCF9-D60B6286C763}.ReceiveUdpFromOurself|Any CPU.Build.0 = Release|Any CPU
		{0C8B6B6F-C6AD-4BBF-BCF9-D60B6286C763}.ReceiveUdpFromOurself|x64.ActiveCfg = Release|x64
		{0C8B6B6F-C6AD-4BBF-BCF9-D60B6286C763}.ReceiveUdpFromOurself|x64.Build.0 = Release|x64
		{0C8B6B6F-C6AD-4BBF-BCF9-D60B6286C763}.ReceiveUdpFromOurself|x86.ActiveCfg = Release|x86
		{0C8B6B6F-C6AD-4BBF-BCF9-D60B6286C763}.ReceiveUdpFromOurself|x86.Build.0 = Release|x86
		{0C8B6B6F-C6AD-4BBF-BCF9-D60B6286C763}.Release|Any CPU.ActiveCfg = Release|Any CPU
		{0C8B6B6F-C6AD-4BBF-BCF9-D60B6286C763}.Release|Any CPU.Build.0 = Release|Any CPU
		{0C8B6B6F-C6AD-4BBF-BCF9-D60B6286C763}.Release|x64.ActiveCfg = Release|x64
		{0C8B6B6F-C6AD-4BBF-BCF9-D60B6286C763}.Release|x64.Build.0 = Release|x64
		{0C8B6B6F-C6AD-4BBF-BCF9-D60B6286C763}.Release|x86.ActiveCfg = Release|x86
		{0C8B6B6F-C6AD-4BBF-BCF9-D60B6286C763}.Release|x86.Build.0 = Release|x86
		{7DE06238-95BF-40F4-B1D0-834BB6429380}.All|Any CPU.ActiveCfg = Debug|Any CPU
		{7DE06238-95BF-40F4-B1D0-834BB6429380}.All|Any CPU.Build.0 = Debug|Any CPU
		{7DE06238-95BF-40F4-B1D0-834BB6429380}.All|x64.ActiveCfg = Debug|x64
		{7DE06238-95BF-40F4-B1D0-834BB6429380}.All|x64.Build.0 = Debug|x64
		{7DE06238-95BF-40F4-B1D0-834BB6429380}.All|x86.ActiveCfg = Debug|x86
		{7DE06238-95BF-40F4-B1D0-834BB6429380}.All|x86.Build.0 = Debug|x86
		{7DE06238-95BF-40F4-B1D0-834BB6429380}.Debug|Any CPU.ActiveCfg = Debug|Any CPU
		{7DE06238-95BF-40F4-B1D0-834BB6429380}.Debug|Any CPU.Build.0 = Debug|Any CPU
		{7DE06238-95BF-40F4-B1D0-834BB6429380}.Debug|x64.ActiveCfg = Debug|x64
		{7DE06238-95BF-40F4-B1D0-834BB6429380}.Debug|x64.Build.0 = Debug|x64
		{7DE06238-95BF-40F4-B1D0-834BB6429380}.Debug|x86.ActiveCfg = Debug|x86
		{7DE06238-95BF-40F4-B1D0-834BB6429380}.Debug|x86.Build.0 = Debug|x86
		{7DE06238-95BF-40F4-B1D0-834BB6429380}.EnableDsDownloadFromCurrentPc|Any CPU.ActiveCfg = EnableDsDownloadFromCurrentPc|Any CPU
		{7DE06238-95BF-40F4-B1D0-834BB6429380}.EnableDsDownloadFromCurrentPc|Any CPU.Build.0 = EnableDsDownloadFromCurrentPc|Any CPU
		{7DE06238-95BF-40F4-B1D0-834BB6429380}.EnableDsDownloadFromCurrentPc|x64.ActiveCfg = EnableDsDownloadFromCurrentPc|x64
		{7DE06238-95BF-40F4-B1D0-834BB6429380}.EnableDsDownloadFromCurrentPc|x64.Build.0 = EnableDsDownloadFromCurrentPc|x64
		{7DE06238-95BF-40F4-B1D0-834BB6429380}.EnableDsDownloadFromCurrentPc|x86.ActiveCfg = EnableDsDownloadFromCurrentPc|x86
		{7DE06238-95BF-40F4-B1D0-834BB6429380}.EnableDsDownloadFromCurrentPc|x86.Build.0 = EnableDsDownloadFromCurrentPc|x86
		{7DE06238-95BF-40F4-B1D0-834BB6429380}.IntegrationTest|Any CPU.ActiveCfg = Debug|Any CPU
		{7DE06238-95BF-40F4-B1D0-834BB6429380}.IntegrationTest|Any CPU.Build.0 = Debug|Any CPU
		{7DE06238-95BF-40F4-B1D0-834BB6429380}.IntegrationTest|x64.ActiveCfg = Debug|x64
		{7DE06238-95BF-40F4-B1D0-834BB6429380}.IntegrationTest|x64.Build.0 = Debug|x64
		{7DE06238-95BF-40F4-B1D0-834BB6429380}.IntegrationTest|x86.ActiveCfg = Debug|x86
		{7DE06238-95BF-40F4-B1D0-834BB6429380}.IntegrationTest|x86.Build.0 = Debug|x86
		{7DE06238-95BF-40F4-B1D0-834BB6429380}.ReceiveUdpFromOurself|Any CPU.ActiveCfg = Release|Any CPU
		{7DE06238-95BF-40F4-B1D0-834BB6429380}.ReceiveUdpFromOurself|Any CPU.Build.0 = Release|Any CPU
		{7DE06238-95BF-40F4-B1D0-834BB6429380}.ReceiveUdpFromOurself|x64.ActiveCfg = Release|x64
		{7DE06238-95BF-40F4-B1D0-834BB6429380}.ReceiveUdpFromOurself|x64.Build.0 = Release|x64
		{7DE06238-95BF-40F4-B1D0-834BB6429380}.ReceiveUdpFromOurself|x86.ActiveCfg = Release|x86
		{7DE06238-95BF-40F4-B1D0-834BB6429380}.ReceiveUdpFromOurself|x86.Build.0 = Release|x86
		{7DE06238-95BF-40F4-B1D0-834BB6429380}.Release|Any CPU.ActiveCfg = Release|Any CPU
		{7DE06238-95BF-40F4-B1D0-834BB6429380}.Release|Any CPU.Build.0 = Release|Any CPU
		{7DE06238-95BF-40F4-B1D0-834BB6429380}.Release|x64.ActiveCfg = Release|x64
		{7DE06238-95BF-40F4-B1D0-834BB6429380}.Release|x64.Build.0 = Release|x64
		{7DE06238-95BF-40F4-B1D0-834BB6429380}.Release|x86.ActiveCfg = Release|x86
		{7DE06238-95BF-40F4-B1D0-834BB6429380}.Release|x86.Build.0 = Release|x86
	EndGlobalSection
	GlobalSection(SolutionProperties) = preSolution
		HideSolutionNode = FALSE
	EndGlobalSection
	GlobalSection(ExtensibilityGlobals) = postSolution
		SolutionGuid = {9C668E28-7418-4B37-B06B-A6D8FF2A7208}
	EndGlobalSection
EndGlobal
